
Microsoft Visual Studio Solution File, Format Version 12.00
# Visual Studio Version 17
VisualStudioVersion = 17.0.31903.59
MinimumVisualStudioVersion = 10.0.40219.1
Project("{2150E333-8FDC-42A3-9474-1A3956D46DE8}") = "src", "src", "{827E0CD3-B72D-47B6-A68D-7590B98EB39B}"
EndProject
Project("{2150E333-8FDC-42A3-9474-1A3956D46DE8}") = "web", "web", "{F8E1C6B0-5A4D-4B12-9E3F-7C9D8E2F1A6B}"
	ProjectSection(SolutionItems) = preProject
		web\README.md = web\README.md
		web\package.json = web\package.json
		web\tsconfig.json = web\tsconfig.json
		web\vite.config.ts = web\vite.config.ts
		web\vitest.config.ts = web\vitest.config.ts
		web\eslint.config.js = web\eslint.config.js
		web\.prettierrc = web\.prettierrc
		web\index.html = web\index.html
	EndProjectSection
EndProject
Project("{2150E333-8FDC-42A3-9474-1A3956D46DE8}") = "Shared", "Shared", "{C8E42992-5E42-0C2B-DBFE-AA848D06431C}"
EndProject
Project("{FAE04EC0-301F-11D3-BF4B-00C04F79EFBC}") = "ShopFlow.Contracts", "src\Shared\ShopFlow.Contracts\ShopFlow.Contracts.csproj", "{6F9B7D5E-DB12-4A3B-B88A-DB76701FF933}"
EndProject
Project("{FAE04EC0-301F-11D3-BF4B-00C04F79EFBC}") = "ShopFlow.SharedKernel", "src\Shared\ShopFlow.SharedKernel\ShopFlow.SharedKernel.csproj", "{8DA10C6B-50BA-40A6-9313-B46F52021D48}"
EndProject
Project("{FAE04EC0-301F-11D3-BF4B-00C04F79EFBC}") = "ShopFlow.SharedKernel.Analyzers", "src\Shared\ShopFlow.SharedKernel.Analyzers\ShopFlow.SharedKernel.Analyzers.csproj", "{984DEADB-C6B1-4125-9F35-691DAE4EC4B9}"
EndProject
Project("{2150E333-8FDC-42A3-9474-1A3956D46DE8}") = "tests", "tests", "{0AB3BF05-4346-4AA6-1389-037BE0695223}"
EndProject
Project("{FAE04EC0-301F-11D3-BF4B-00C04F79EFBC}") = "ShopFlow.SharedKernel.UnitTests", "tests\ShopFlow.SharedKernel.UnitTests\ShopFlow.SharedKernel.UnitTests.csproj", "{B0CB3F33-D6A1-4E02-B556-6044EF95831F}"
EndProject
Project("{2150E333-8FDC-42A3-9474-1A3956D46DE8}") = "ControlPlane", "ControlPlane", "{446D8F33-C73B-BF73-CF50-6948B082F41B}"
EndProject
Project("{FAE04EC0-301F-11D3-BF4B-00C04F79EFBC}") = "ShopFlow.ControlPlane.Domain", "src\ControlPlane\ShopFlow.ControlPlane.Domain\ShopFlow.ControlPlane.Domain.csproj", "{2A154ED4-EF36-4B5B-930F-7C2002BD7EB2}"
EndProject
Project("{FAE04EC0-301F-11D3-BF4B-00C04F79EFBC}") = "ShopFlow.ControlPlane.Application", "src\ControlPlane\ShopFlow.ControlPlane.Application\ShopFlow.ControlPlane.Application.csproj", "{BB0A7936-C68C-46BC-A6D4-2EECC0080B79}"
EndProject
Project("{FAE04EC0-301F-11D3-BF4B-00C04F79EFBC}") = "ShopFlow.ControlPlane.Infrastructure", "src\ControlPlane\ShopFlow.ControlPlane.Infrastructure\ShopFlow.ControlPlane.Infrastructure.csproj", "{9BB605E0-B060-4333-8F7C-4ACCF3C35E65}"
EndProject
Project("{FAE04EC0-301F-11D3-BF4B-00C04F79EFBC}") = "ShopFlow.ControlPlane.Migrations", "src\ControlPlane\ShopFlow.ControlPlane.Migrations\ShopFlow.ControlPlane.Migrations.csproj", "{CCD0C75A-6A2E-4374-9454-8685E1E0CB3F}"
EndProject
Project("{FAE04EC0-301F-11D3-BF4B-00C04F79EFBC}") = "ShopFlow.ControlPlane.UnitTests", "tests\ShopFlow.ControlPlane.UnitTests\ShopFlow.ControlPlane.UnitTests.csproj", "{0979E409-DF98-48D9-9169-3DB4DD89BC10}"
EndProject
Project("{2150E333-8FDC-42A3-9474-1A3956D46DE8}") = "tools", "tools", "{07C2787E-EAC7-C090-1BA3-A61EC2A24D84}"
EndProject
Project("{FAE04EC0-301F-11D3-BF4B-00C04F79EFBC}") = "shopflow-migrate", "tools\shopflow-migrate\shopflow-migrate.csproj", "{9083E1BF-ABF2-4E8D-B6C2-B65E6B7BDD4F}"
EndProject
Project("{FAE04EC0-301F-11D3-BF4B-00C04F79EFBC}") = "ShopFlow.Migrate.UnitTests", "tests\ShopFlow.Migrate.UnitTests\ShopFlow.Migrate.UnitTests.csproj", "{575B8809-71AF-48A8-9D14-06E5D5A6A11C}"
EndProject
Project("{2150E333-8FDC-42A3-9474-1A3956D46DE8}") = "AppHost", "AppHost", "{63882A7C-90E5-DEE3-63BB-E6ABDBC8A365}"
EndProject
Project("{FAE04EC0-301F-11D3-BF4B-00C04F79EFBC}") = "ShopFlow.AppHost", "src\AppHost\ShopFlow.AppHost\ShopFlow.AppHost.csproj", "{3C44A988-A2D9-4468-B8C6-5F9AC4644E46}"
EndProject
Project("{2150E333-8FDC-42A3-9474-1A3956D46DE8}") = "Services", "Services", "{984BB9B3-3FA3-BE33-9484-CAC21695A33C}"
EndProject
Project("{2150E333-8FDC-42A3-9474-1A3956D46DE8}") = "Inventory", "Inventory", "{CA15E31E-CB60-F235-5CDF-2E527A86A72C}"
EndProject
Project("{FAE04EC0-301F-11D3-BF4B-00C04F79EFBC}") = "ShopFlow.Inventory.Domain", "src\Services\Inventory\ShopFlow.Inventory.Domain\ShopFlow.Inventory.Domain.csproj", "{96A4E8A0-3B16-4152-BFA2-E8D31D2A83D2}"
EndProject
Project("{FAE04EC0-301F-11D3-BF4B-00C04F79EFBC}") = "ShopFlow.Inventory.Application", "src\Services\Inventory\ShopFlow.Inventory.Application\ShopFlow.Inventory.Application.csproj", "{D60B37AC-B717-4874-AA63-1670B3AE3786}"
EndProject
Project("{FAE04EC0-301F-11D3-BF4B-00C04F79EFBC}") = "ShopFlow.Inventory.Infrastructure", "src\Services\Inventory\ShopFlow.Inventory.Infrastructure\ShopFlow.Inventory.Infrastructure.csproj", "{D583E7A0-25E1-4444-819C-1DDA9A595957}"
EndProject
Project("{FAE04EC0-301F-11D3-BF4B-00C04F79EFBC}") = "ShopFlow.Inventory.Api", "src\Services\Inventory\ShopFlow.Inventory.Api\ShopFlow.Inventory.Api.csproj", "{28EA375B-57FF-45B7-A563-860A14E7E377}"
EndProject
Project("{FAE04EC0-301F-11D3-BF4B-00C04F79EFBC}") = "ShopFlow.Inventory.UnitTests", "tests\ShopFlow.Inventory.UnitTests\ShopFlow.Inventory.UnitTests.csproj", "{C4E7C2DC-E210-4E04-B045-C439B78CE441}"
EndProject
Project("{2150E333-8FDC-42A3-9474-1A3956D46DE8}") = "Inbound", "Inbound", "{98189402-7CF5-C254-2C2A-FB126C203A6B}"
EndProject
Project("{FAE04EC0-301F-11D3-BF4B-00C04F79EFBC}") = "ShopFlow.Inbound.Domain", "src\Services\Inbound\ShopFlow.Inbound.Domain\ShopFlow.Inbound.Domain.csproj", "{1E5785BA-3D03-4E8B-B01D-C178943283D1}"
EndProject
Project("{FAE04EC0-301F-11D3-BF4B-00C04F79EFBC}") = "ShopFlow.Inbound.Application", "src\Services\Inbound\ShopFlow.Inbound.Application\ShopFlow.Inbound.Application.csproj", "{FE9D2110-330C-41A3-91AA-CAA8E9453A50}"
EndProject
Project("{FAE04EC0-301F-11D3-BF4B-00C04F79EFBC}") = "ShopFlow.Inbound.Infrastructure", "src\Services\Inbound\ShopFlow.Inbound.Infrastructure\ShopFlow.Inbound.Infrastructure.csproj", "{8B10496D-6D5F-4FA8-B88B-675818F58014}"
EndProject
Project("{FAE04EC0-301F-11D3-BF4B-00C04F79EFBC}") = "ShopFlow.Inbound.Api", "src\Services\Inbound\ShopFlow.Inbound.Api\ShopFlow.Inbound.Api.csproj", "{AA478807-ECA4-4D0C-B568-6DAB71AB3AFB}"
EndProject
Project("{FAE04EC0-301F-11D3-BF4B-00C04F79EFBC}") = "ShopFlow.Outbound.Domain", "src\Services\Outbound\ShopFlow.Outbound.Domain\ShopFlow.Outbound.Domain.csproj", "{C533DEC3-BA47-4C6A-99B7-0B49FA39B5BE}"
EndProject
Project("{FAE04EC0-301F-11D3-BF4B-00C04F79EFBC}") = "ShopFlow.Outbound.Application", "src\Services\Outbound\ShopFlow.Outbound.Application\ShopFlow.Outbound.Application.csproj", "{F6242EF4-011B-4065-BCB6-447366733EAE}"
EndProject
Project("{FAE04EC0-301F-11D3-BF4B-00C04F79EFBC}") = "ShopFlow.Outbound.Infrastructure", "src\Services\Outbound\ShopFlow.Outbound.Infrastructure\ShopFlow.Outbound.Infrastructure.csproj", "{2B88BD03-385E-4049-BEFD-F63F0218F0B4}"
EndProject
Project("{FAE04EC0-301F-11D3-BF4B-00C04F79EFBC}") = "ShopFlow.Outbound.Api", "src\Services\Outbound\ShopFlow.Outbound.Api\ShopFlow.Outbound.Api.csproj", "{2F78CB07-6FC6-4F4A-97EB-5F8452C2CC8C}"
EndProject
Project("{FAE04EC0-301F-11D3-BF4B-00C04F79EFBC}") = "ShopFlow.Channel.Domain", "src\Services\Channel\ShopFlow.Channel.Domain\ShopFlow.Channel.Domain.csproj", "{BF8909B4-BB81-42A4-B8EB-52F8BB3F5E2E}"
EndProject
Project("{FAE04EC0-301F-11D3-BF4B-00C04F79EFBC}") = "ShopFlow.Channel.Application", "src\Services\Channel\ShopFlow.Channel.Application\ShopFlow.Channel.Application.csproj", "{A6F84174-B9C3-480C-8E99-EC18EBBA40C5}"
EndProject
Project("{FAE04EC0-301F-11D3-BF4B-00C04F79EFBC}") = "ShopFlow.Channel.Infrastructure", "src\Services\Channel\ShopFlow.Channel.Infrastructure\ShopFlow.Channel.Infrastructure.csproj", "{60B3407D-8569-4B85-A1CF-FB04E1C5D9FC}"
EndProject
Project("{FAE04EC0-301F-11D3-BF4B-00C04F79EFBC}") = "ShopFlow.Channel.Api", "src\Services\Channel\ShopFlow.Channel.Api\ShopFlow.Channel.Api.csproj", "{889E4794-B0D5-4D6C-B3BB-61C6BE124CF2}"
EndProject
Project("{FAE04EC0-301F-11D3-BF4B-00C04F79EFBC}") = "ShopFlow.Analytics.Application", "src\Services\Analytics\ShopFlow.Analytics.Application\ShopFlow.Analytics.Application.csproj", "{288943C5-946D-4285-A4A5-DDE049DFB01F}"
EndProject
Project("{FAE04EC0-301F-11D3-BF4B-00C04F79EFBC}") = "ShopFlow.Analytics.Infrastructure", "src\Services\Analytics\ShopFlow.Analytics.Infrastructure\ShopFlow.Analytics.Infrastructure.csproj", "{CD27B6B7-F398-49F8-82C3-5257436E2079}"
EndProject
Project("{FAE04EC0-301F-11D3-BF4B-00C04F79EFBC}") = "ShopFlow.Analytics.Api", "src\Services\Analytics\ShopFlow.Analytics.Api\ShopFlow.Analytics.Api.csproj", "{DB53D9ED-D6F2-4A43-82A4-E87171E97371}"
EndProject
Project("{FAE04EC0-301F-11D3-BF4B-00C04F79EFBC}") = "ShopFlow.Gateway", "src\ApiGateway\ShopFlow.Gateway\ShopFlow.Gateway.csproj", "{40F14F69-B138-4DD0-809D-A27EEABBFCFE}"
EndProject
Project("{FAE04EC0-301F-11D3-BF4B-00C04F79EFBC}") = "ShopFlow.Inbound.UnitTests", "tests\ShopFlow.Inbound.UnitTests\ShopFlow.Inbound.UnitTests.csproj", "{B09253E0-E54A-42B0-B15A-7C11E0DBDC18}"
EndProject
Project("{FAE04EC0-301F-11D3-BF4B-00C04F79EFBC}") = "ShopFlow.Outbound.UnitTests", "tests\ShopFlow.Outbound.UnitTests\ShopFlow.Outbound.UnitTests.csproj", "{02D636DA-D169-4E5A-B983-2A530932993D}"
EndProject
Project("{FAE04EC0-301F-11D3-BF4B-00C04F79EFBC}") = "ShopFlow.Channel.UnitTests", "tests\ShopFlow.Channel.UnitTests\ShopFlow.Channel.UnitTests.csproj", "{FAFB0AE9-8CFE-405A-88A2-5065E433AF0D}"
EndProject
Project("{FAE04EC0-301F-11D3-BF4B-00C04F79EFBC}") = "ShopFlow.Analytics.UnitTests", "tests\ShopFlow.Analytics.UnitTests\ShopFlow.Analytics.UnitTests.csproj", "{056EB346-6ADA-466F-8AB4-5F03CC40A054}"
EndProject
Project("{FAE04EC0-301F-11D3-BF4B-00C04F79EFBC}") = "ShopFlow.Gateway.UnitTests", "tests\ShopFlow.Gateway.UnitTests\ShopFlow.Gateway.UnitTests.csproj", "{ADE142D5-341E-4D3E-BD10-00DAAAE196A1}"
EndProject
Project("{FAE04EC0-301F-11D3-BF4B-00C04F79EFBC}") = "ShopFlow.SharedKernel.IntegrationTests", "tests\ShopFlow.SharedKernel.IntegrationTests\ShopFlow.SharedKernel.IntegrationTests.csproj", "{18B8874D-F7D8-4260-8032-8946382338F8}"
EndProject
Project("{2150E333-8FDC-42A3-9474-1A3956D46DE8}") = "shopflow-gate", "shopflow-gate", "{9306101B-3AB6-9F90-99A7-D72EE0A3F584}"
EndProject
Project("{FAE04EC0-301F-11D3-BF4B-00C04F79EFBC}") = "ShopFlow.Gate", "tools\shopflow-gate\ShopFlow.Gate.csproj", "{B7246FBE-2202-4438-A2FA-AAC6C5A6BD3C}"
EndProject
Project("{FAE04EC0-301F-11D3-BF4B-00C04F79EFBC}") = "ShopFlow.Inventory.IntegrationTests", "tests\ShopFlow.Inventory.IntegrationTests\ShopFlow.Inventory.IntegrationTests.csproj", "{A46C93D8-2E50-4646-AC2B-837B7E426F49}"
EndProject
Project("{FAE04EC0-301F-11D3-BF4B-00C04F79EFBC}") = "ShopFlow.PropertyTests", "tests\ShopFlow.PropertyTests\ShopFlow.PropertyTests.csproj", "{B894670B-2F14-41F1-967E-39BABD165ADF}"
EndProject
Project("{FAE04EC0-301F-11D3-BF4B-00C04F79EFBC}") = "ShopFlow.Inbound.IntegrationTests", "tests\ShopFlow.Inbound.IntegrationTests\ShopFlow.Inbound.IntegrationTests.csproj", "{74444DD6-7CDB-4DB3-AFBE-600EB2A55DC0}"
EndProject
Project("{FAE04EC0-301F-11D3-BF4B-00C04F79EFBC}") = "ShopFlow.Outbound.IntegrationTests", "tests\ShopFlow.Outbound.IntegrationTests\ShopFlow.Outbound.IntegrationTests.csproj", "{0199B228-6A84-4196-B563-9890D18E1E44}"
EndProject
Project("{2150E333-8FDC-42A3-9474-1A3956D46DE8}") = "mocks", "mocks", "{09743D8C-1ECD-59AE-B1D7-E08988F9BCE2}"
EndProject
Project("{2150E333-8FDC-42A3-9474-1A3956D46DE8}") = "shopee", "shopee", "{12413645-97CE-D2F4-2460-02DBA9158333}"
EndProject
Project("{FAE04EC0-301F-11D3-BF4B-00C04F79EFBC}") = "ShopFlow.Mocks.Shopee", "tools\mocks\shopee\ShopFlow.Mocks.Shopee.csproj", "{E372147F-0960-4746-870D-240F4615D08A}"
EndProject
Project("{FAE04EC0-301F-11D3-BF4B-00C04F79EFBC}") = "ShopFlow.Channel.IntegrationTests", "tests\ShopFlow.Channel.IntegrationTests\ShopFlow.Channel.IntegrationTests.csproj", "{FB114250-0A67-46F0-A189-4C039E512DC5}"
EndProject
Project("{FAE04EC0-301F-11D3-BF4B-00C04F79EFBC}") = "ShopFlow.StockSync.Domain", "src\Services\StockSync\ShopFlow.StockSync.Domain\ShopFlow.StockSync.Domain.csproj", "{6A1B2C3D-0001-4001-A001-000000000001}"
EndProject
Project("{FAE04EC0-301F-11D3-BF4B-00C04F79EFBC}") = "ShopFlow.StockSync.Application", "src\Services\StockSync\ShopFlow.StockSync.Application\ShopFlow.StockSync.Application.csproj", "{6A1B2C3D-0002-4002-A002-000000000002}"
EndProject
Project("{FAE04EC0-301F-11D3-BF4B-00C04F79EFBC}") = "ShopFlow.StockSync.Infrastructure", "src\Services\StockSync\ShopFlow.StockSync.Infrastructure\ShopFlow.StockSync.Infrastructure.csproj", "{6A1B2C3D-0003-4003-A003-000000000003}"
EndProject
Project("{FAE04EC0-301F-11D3-BF4B-00C04F79EFBC}") = "ShopFlow.StockSync.Api", "src\Services\StockSync\ShopFlow.StockSync.Api\ShopFlow.StockSync.Api.csproj", "{6A1B2C3D-0004-4004-A004-000000000004}"
EndProject
Project("{FAE04EC0-301F-11D3-BF4B-00C04F79EFBC}") = "ShopFlow.StockSync.UnitTests", "tests\ShopFlow.StockSync.UnitTests\ShopFlow.StockSync.UnitTests.csproj", "{6A1B2C3D-0005-4005-A005-000000000005}"
EndProject
Project("{FAE04EC0-301F-11D3-BF4B-00C04F79EFBC}") = "ShopFlow.StockSync.IntegrationTests", "tests\ShopFlow.StockSync.IntegrationTests\ShopFlow.StockSync.IntegrationTests.csproj", "{6A1B2C3D-0006-4006-A006-000000000006}"
EndProject
Project("{FAE04EC0-301F-11D3-BF4B-00C04F79EFBC}") = "ShopFlow.Auth.Domain", "src\Services\Auth\ShopFlow.Auth.Domain\ShopFlow.Auth.Domain.csproj", "{A41B2C3D-0001-4001-A001-000000000001}"
EndProject
Project("{FAE04EC0-301F-11D3-BF4B-00C04F79EFBC}") = "ShopFlow.Auth.Application", "src\Services\Auth\ShopFlow.Auth.Application\ShopFlow.Auth.Application.csproj", "{A41B2C3D-0002-4002-A002-000000000002}"
EndProject
Project("{FAE04EC0-301F-11D3-BF4B-00C04F79EFBC}") = "ShopFlow.Auth.Infrastructure", "src\Services\Auth\ShopFlow.Auth.Infrastructure\ShopFlow.Auth.Infrastructure.csproj", "{A41B2C3D-0003-4003-A003-000000000003}"
EndProject
Project("{FAE04EC0-301F-11D3-BF4B-00C04F79EFBC}") = "ShopFlow.Auth.Api", "src\Services\Auth\ShopFlow.Auth.Api\ShopFlow.Auth.Api.csproj", "{A41B2C3D-0004-4004-A004-000000000004}"
EndProject
Project("{FAE04EC0-301F-11D3-BF4B-00C04F79EFBC}") = "ShopFlow.Auth.UnitTests", "tests\ShopFlow.Auth.UnitTests\ShopFlow.Auth.UnitTests.csproj", "{A41B2C3D-0005-4005-A005-000000000005}"
EndProject
Project("{FAE04EC0-301F-11D3-BF4B-00C04F79EFBC}") = "ShopFlow.Auth.IntegrationTests", "tests\ShopFlow.Auth.IntegrationTests\ShopFlow.Auth.IntegrationTests.csproj", "{D5A09973-C4BA-46A1-8271-894232B52087}"
EndProject
Project("{FAE04EC0-301F-11D3-BF4B-00C04F79EFBC}") = "ShopFlow.Migrate.IntegrationTests", "tests\ShopFlow.Migrate.IntegrationTests\ShopFlow.Migrate.IntegrationTests.csproj", "{5B5BDC3D-B142-4E72-A470-9A4D5EC201DA}"
EndProject
Project("{2150E333-8FDC-42A3-9474-1A3956D46DE8}") = "Notification", "Notification", "{C5FBE174-8E0F-F5A3-B929-8BD0C55C0A32}"
EndProject
Project("{FAE04EC0-301F-11D3-BF4B-00C04F79EFBC}") = "ShopFlow.Notification.Domain", "src\Services\Notification\ShopFlow.Notification.Domain\ShopFlow.Notification.Domain.csproj", "{B6B430A6-FBB4-43DC-BE73-271C36ED192E}"
EndProject
Project("{FAE04EC0-301F-11D3-BF4B-00C04F79EFBC}") = "ShopFlow.Notification.Application", "src\Services\Notification\ShopFlow.Notification.Application\ShopFlow.Notification.Application.csproj", "{AD08C2BD-A6AB-4A76-B695-0F95FFBF67F3}"
EndProject
Project("{FAE04EC0-301F-11D3-BF4B-00C04F79EFBC}") = "ShopFlow.Notification.Infrastructure", "src\Services\Notification\ShopFlow.Notification.Infrastructure\ShopFlow.Notification.Infrastructure.csproj", "{F3EA7F90-2AC1-42AD-AC9C-79E911D7500F}"
EndProject
Project("{FAE04EC0-301F-11D3-BF4B-00C04F79EFBC}") = "ShopFlow.Notification.Api", "src\Services\Notification\ShopFlow.Notification.Api\ShopFlow.Notification.Api.csproj", "{481F1DD2-B001-42A9-949E-7E260D5C2531}"
EndProject
Project("{FAE04EC0-301F-11D3-BF4B-00C04F79EFBC}") = "ShopFlow.Notification.UnitTests", "tests\ShopFlow.Notification.UnitTests\ShopFlow.Notification.UnitTests.csproj", "{8C98C4B1-9005-4829-B66D-26626D2EF641}"
EndProject
Global
	GlobalSection(SolutionConfigurationPlatforms) = preSolution
		Debug|Any CPU = Debug|Any CPU
		Debug|x64 = Debug|x64
		Debug|x86 = Debug|x86
		Release|Any CPU = Release|Any CPU
		Release|x64 = Release|x64
		Release|x86 = Release|x86
	EndGlobalSection
	GlobalSection(ProjectConfigurationPlatforms) = postSolution
		{6F9B7D5E-DB12-4A3B-B88A-DB76701FF933}.Debug|Any CPU.ActiveCfg = Debug|Any CPU
		{6F9B7D5E-DB12-4A3B-B88A-DB76701FF933}.Debug|Any CPU.Build.0 = Debug|Any CPU
		{6F9B7D5E-DB12-4A3B-B88A-DB76701FF933}.Debug|x64.ActiveCfg = Debug|Any CPU
		{6F9B7D5E-DB12-4A3B-B88A-DB76701FF933}.Debug|x64.Build.0 = Debug|Any CPU
		{6F9B7D5E-DB12-4A3B-B88A-DB76701FF933}.Debug|x86.ActiveCfg = Debug|Any CPU
		{6F9B7D5E-DB12-4A3B-B88A-DB76701FF933}.Debug|x86.Build.0 = Debug|Any CPU
		{6F9B7D5E-DB12-4A3B-B88A-DB76701FF933}.Release|Any CPU.ActiveCfg = Release|Any CPU
		{6F9B7D5E-DB12-4A3B-B88A-DB76701FF933}.Release|Any CPU.Build.0 = Release|Any CPU
		{6F9B7D5E-DB12-4A3B-B88A-DB76701FF933}.Release|x64.ActiveCfg = Release|Any CPU
		{6F9B7D5E-DB12-4A3B-B88A-DB76701FF933}.Release|x64.Build.0 = Release|Any CPU
		{6F9B7D5E-DB12-4A3B-B88A-DB76701FF933}.Release|x86.ActiveCfg = Release|Any CPU
		{6F9B7D5E-DB12-4A3B-B88A-DB76701FF933}.Release|x86.Build.0 = Release|Any CPU
		{8DA10C6B-50BA-40A6-9313-B46F52021D48}.Debug|Any CPU.ActiveCfg = Debug|Any CPU
		{8DA10C6B-50BA-40A6-9313-B46F52021D48}.Debug|Any CPU.Build.0 = Debug|Any CPU
		{8DA10C6B-50BA-40A6-9313-B46F52021D48}.Debug|x64.ActiveCfg = Debug|Any CPU
		{8DA10C6B-50BA-40A6-9313-B46F52021D48}.Debug|x64.Build.0 = Debug|Any CPU
		{8DA10C6B-50BA-40A6-9313-B46F52021D48}.Debug|x86.ActiveCfg = Debug|Any CPU
		{8DA10C6B-50BA-40A6-9313-B46F52021D48}.Debug|x86.Build.0 = Debug|Any CPU
		{8DA10C6B-50BA-40A6-9313-B46F52021D48}.Release|Any CPU.ActiveCfg = Release|Any CPU
		{8DA10C6B-50BA-40A6-9313-B46F52021D48}.Release|Any CPU.Build.0 = Release|Any CPU
		{8DA10C6B-50BA-40A6-9313-B46F52021D48}.Release|x64.ActiveCfg = Release|Any CPU
		{8DA10C6B-50BA-40A6-9313-B46F52021D48}.Release|x64.Build.0 = Release|Any CPU
		{8DA10C6B-50BA-40A6-9313-B46F52021D48}.Release|x86.ActiveCfg = Release|Any CPU
		{8DA10C6B-50BA-40A6-9313-B46F52021D48}.Release|x86.Build.0 = Release|Any CPU
		{984DEADB-C6B1-4125-9F35-691DAE4EC4B9}.Debug|Any CPU.ActiveCfg = Debug|Any CPU
		{984DEADB-C6B1-4125-9F35-691DAE4EC4B9}.Debug|Any CPU.Build.0 = Debug|Any CPU
		{984DEADB-C6B1-4125-9F35-691DAE4EC4B9}.Debug|x64.ActiveCfg = Debug|Any CPU
		{984DEADB-C6B1-4125-9F35-691DAE4EC4B9}.Debug|x64.Build.0 = Debug|Any CPU
		{984DEADB-C6B1-4125-9F35-691DAE4EC4B9}.Debug|x86.ActiveCfg = Debug|Any CPU
		{984DEADB-C6B1-4125-9F35-691DAE4EC4B9}.Debug|x86.Build.0 = Debug|Any CPU
		{984DEADB-C6B1-4125-9F35-691DAE4EC4B9}.Release|Any CPU.ActiveCfg = Release|Any CPU
		{984DEADB-C6B1-4125-9F35-691DAE4EC4B9}.Release|Any CPU.Build.0 = Release|Any CPU
		{984DEADB-C6B1-4125-9F35-691DAE4EC4B9}.Release|x64.ActiveCfg = Release|Any CPU
		{984DEADB-C6B1-4125-9F35-691DAE4EC4B9}.Release|x64.Build.0 = Release|Any CPU
		{984DEADB-C6B1-4125-9F35-691DAE4EC4B9}.Release|x86.ActiveCfg = Release|Any CPU
		{984DEADB-C6B1-4125-9F35-691DAE4EC4B9}.Release|x86.Build.0 = Release|Any CPU
		{B0CB3F33-D6A1-4E02-B556-6044EF95831F}.Debug|Any CPU.ActiveCfg = Debug|Any CPU
		{B0CB3F33-D6A1-4E02-B556-6044EF95831F}.Debug|Any CPU.Build.0 = Debug|Any CPU
		{B0CB3F33-D6A1-4E02-B556-6044EF95831F}.Debug|x64.ActiveCfg = Debug|Any CPU
		{B0CB3F33-D6A1-4E02-B556-6044EF95831F}.Debug|x64.Build.0 = Debug|Any CPU
		{B0CB3F33-D6A1-4E02-B556-6044EF95831F}.Debug|x86.ActiveCfg = Debug|Any CPU
		{B0CB3F33-D6A1-4E02-B556-6044EF95831F}.Debug|x86.Build.0 = Debug|Any CPU
		{B0CB3F33-D6A1-4E02-B556-6044EF95831F}.Release|Any CPU.ActiveCfg = Release|Any CPU
		{B0CB3F33-D6A1-4E02-B556-6044EF95831F}.Release|Any CPU.Build.0 = Release|Any CPU
		{B0CB3F33-D6A1-4E02-B556-6044EF95831F}.Release|x64.ActiveCfg = Release|Any CPU
		{B0CB3F33-D6A1-4E02-B556-6044EF95831F}.Release|x64.Build.0 = Release|Any CPU
		{B0CB3F33-D6A1-4E02-B556-6044EF95831F}.Release|x86.ActiveCfg = Release|Any CPU
		{B0CB3F33-D6A1-4E02-B556-6044EF95831F}.Release|x86.Build.0 = Release|Any CPU
		{2A154ED4-EF36-4B5B-930F-7C2002BD7EB2}.Debug|Any CPU.ActiveCfg = Debug|Any CPU
		{2A154ED4-EF36-4B5B-930F-7C2002BD7EB2}.Debug|Any CPU.Build.0 = Debug|Any CPU
		{2A154ED4-EF36-4B5B-930F-7C2002BD7EB2}.Debug|x64.ActiveCfg = Debug|Any CPU
		{2A154ED4-EF36-4B5B-930F-7C2002BD7EB2}.Debug|x64.Build.0 = Debug|Any CPU
		{2A154ED4-EF36-4B5B-930F-7C2002BD7EB2}.Debug|x86.ActiveCfg = Debug|Any CPU
		{2A154ED4-EF36-4B5B-930F-7C2002BD7EB2}.Debug|x86.Build.0 = Debug|Any CPU
		{2A154ED4-EF36-4B5B-930F-7C2002BD7EB2}.Release|Any CPU.ActiveCfg = Release|Any CPU
		{2A154ED4-EF36-4B5B-930F-7C2002BD7EB2}.Release|Any CPU.Build.0 = Release|Any CPU
		{2A154ED4-EF36-4B5B-930F-7C2002BD7EB2}.Release|x64.ActiveCfg = Release|Any CPU
		{2A154ED4-EF36-4B5B-930F-7C2002BD7EB2}.Release|x64.Build.0 = Release|Any CPU
		{2A154ED4-EF36-4B5B-930F-7C2002BD7EB2}.Release|x86.ActiveCfg = Release|Any CPU
		{2A154ED4-EF36-4B5B-930F-7C2002BD7EB2}.Release|x86.Build.0 = Release|Any CPU
		{BB0A7936-C68C-46BC-A6D4-2EECC0080B79}.Debug|Any CPU.ActiveCfg = Debug|Any CPU
		{BB0A7936-C68C-46BC-A6D4-2EECC0080B79}.Debug|Any CPU.Build.0 = Debug|Any CPU
		{BB0A7936-C68C-46BC-A6D4-2EECC0080B79}.Debug|x64.ActiveCfg = Debug|Any CPU
		{BB0A7936-C68C-46BC-A6D4-2EECC0080B79}.Debug|x64.Build.0 = Debug|Any CPU
		{BB0A7936-C68C-46BC-A6D4-2EECC0080B79}.Debug|x86.ActiveCfg = Debug|Any CPU
		{BB0A7936-C68C-46BC-A6D4-2EECC0080B79}.Debug|x86.Build.0 = Debug|Any CPU
		{BB0A7936-C68C-46BC-A6D4-2EECC0080B79}.Release|Any CPU.ActiveCfg = Release|Any CPU
		{BB0A7936-C68C-46BC-A6D4-2EECC0080B79}.Release|Any CPU.Build.0 = Release|Any CPU
		{BB0A7936-C68C-46BC-A6D4-2EECC0080B79}.Release|x64.ActiveCfg = Release|Any CPU
		{BB0A7936-C68C-46BC-A6D4-2EECC0080B79}.Release|x64.Build.0 = Release|Any CPU
		{BB0A7936-C68C-46BC-A6D4-2EECC0080B79}.Release|x86.ActiveCfg = Release|Any CPU
		{BB0A7936-C68C-46BC-A6D4-2EECC0080B79}.Release|x86.Build.0 = Release|Any CPU
		{9BB605E0-B060-4333-8F7C-4ACCF3C35E65}.Debug|Any CPU.ActiveCfg = Debug|Any CPU
		{9BB605E0-B060-4333-8F7C-4ACCF3C35E65}.Debug|Any CPU.Build.0 = Debug|Any CPU
		{9BB605E0-B060-4333-8F7C-4ACCF3C35E65}.Debug|x64.ActiveCfg = Debug|Any CPU
		{9BB605E0-B060-4333-8F7C-4ACCF3C35E65}.Debug|x64.Build.0 = Debug|Any CPU
		{9BB605E0-B060-4333-8F7C-4ACCF3C35E65}.Debug|x86.ActiveCfg = Debug|Any CPU
		{9BB605E0-B060-4333-8F7C-4ACCF3C35E65}.Debug|x86.Build.0 = Debug|Any CPU
		{9BB605E0-B060-4333-8F7C-4ACCF3C35E65}.Release|Any CPU.ActiveCfg = Release|Any CPU
		{9BB605E0-B060-4333-8F7C-4ACCF3C35E65}.Release|Any CPU.Build.0 = Release|Any CPU
		{9BB605E0-B060-4333-8F7C-4ACCF3C35E65}.Release|x64.ActiveCfg = Release|Any CPU
		{9BB605E0-B060-4333-8F7C-4ACCF3C35E65}.Release|x64.Build.0 = Release|Any CPU
		{9BB605E0-B060-4333-8F7C-4ACCF3C35E65}.Release|x86.ActiveCfg = Release|Any CPU
		{9BB605E0-B060-4333-8F7C-4ACCF3C35E65}.Release|x86.Build.0 = Release|Any CPU
		{CCD0C75A-6A2E-4374-9454-8685E1E0CB3F}.Debug|Any CPU.ActiveCfg = Debug|Any CPU
		{CCD0C75A-6A2E-4374-9454-8685E1E0CB3F}.Debug|Any CPU.Build.0 = Debug|Any CPU
		{CCD0C75A-6A2E-4374-9454-8685E1E0CB3F}.Debug|x64.ActiveCfg = Debug|Any CPU
		{CCD0C75A-6A2E-4374-9454-8685E1E0CB3F}.Debug|x64.Build.0 = Debug|Any CPU
		{CCD0C75A-6A2E-4374-9454-8685E1E0CB3F}.Debug|x86.ActiveCfg = Debug|Any CPU
		{CCD0C75A-6A2E-4374-9454-8685E1E0CB3F}.Debug|x86.Build.0 = Debug|Any CPU
		{CCD0C75A-6A2E-4374-9454-8685E1E0CB3F}.Release|Any CPU.ActiveCfg = Release|Any CPU
		{CCD0C75A-6A2E-4374-9454-8685E1E0CB3F}.Release|Any CPU.Build.0 = Release|Any CPU
		{CCD0C75A-6A2E-4374-9454-8685E1E0CB3F}.Release|x64.ActiveCfg = Release|Any CPU
		{CCD0C75A-6A2E-4374-9454-8685E1E0CB3F}.Release|x64.Build.0 = Release|Any CPU
		{CCD0C75A-6A2E-4374-9454-8685E1E0CB3F}.Release|x86.ActiveCfg = Release|Any CPU
		{CCD0C75A-6A2E-4374-9454-8685E1E0CB3F}.Release|x86.Build.0 = Release|Any CPU
		{0979E409-DF98-48D9-9169-3DB4DD89BC10}.Debug|Any CPU.ActiveCfg = Debug|Any CPU
		{0979E409-DF98-48D9-9169-3DB4DD89BC10}.Debug|Any CPU.Build.0 = Debug|Any CPU
		{0979E409-DF98-48D9-9169-3DB4DD89BC10}.Debug|x64.ActiveCfg = Debug|Any CPU
		{0979E409-DF98-48D9-9169-3DB4DD89BC10}.Debug|x64.Build.0 = Debug|Any CPU
		{0979E409-DF98-48D9-9169-3DB4DD89BC10}.Debug|x86.ActiveCfg = Debug|Any CPU
		{0979E409-DF98-48D9-9169-3DB4DD89BC10}.Debug|x86.Build.0 = Debug|Any CPU
		{0979E409-DF98-48D9-9169-3DB4DD89BC10}.Release|Any CPU.ActiveCfg = Release|Any CPU
		{0979E409-DF98-48D9-9169-3DB4DD89BC10}.Release|Any CPU.Build.0 = Release|Any CPU
		{0979E409-DF98-48D9-9169-3DB4DD89BC10}.Release|x64.ActiveCfg = Release|Any CPU
		{0979E409-DF98-48D9-9169-3DB4DD89BC10}.Release|x64.Build.0 = Release|Any CPU
		{0979E409-DF98-48D9-9169-3DB4DD89BC10}.Release|x86.ActiveCfg = Release|Any CPU
		{0979E409-DF98-48D9-9169-3DB4DD89BC10}.Release|x86.Build.0 = Release|Any CPU
		{9083E1BF-ABF2-4E8D-B6C2-B65E6B7BDD4F}.Debug|Any CPU.ActiveCfg = Debug|Any CPU
		{9083E1BF-ABF2-4E8D-B6C2-B65E6B7BDD4F}.Debug|Any CPU.Build.0 = Debug|Any CPU
		{9083E1BF-ABF2-4E8D-B6C2-B65E6B7BDD4F}.Debug|x64.ActiveCfg = Debug|Any CPU
		{9083E1BF-ABF2-4E8D-B6C2-B65E6B7BDD4F}.Debug|x64.Build.0 = Debug|Any CPU
		{9083E1BF-ABF2-4E8D-B6C2-B65E6B7BDD4F}.Debug|x86.ActiveCfg = Debug|Any CPU
		{9083E1BF-ABF2-4E8D-B6C2-B65E6B7BDD4F}.Debug|x86.Build.0 = Debug|Any CPU
		{9083E1BF-ABF2-4E8D-B6C2-B65E6B7BDD4F}.Release|Any CPU.ActiveCfg = Release|Any CPU
		{9083E1BF-ABF2-4E8D-B6C2-B65E6B7BDD4F}.Release|Any CPU.Build.0 = Release|Any CPU
		{9083E1BF-ABF2-4E8D-B6C2-B65E6B7BDD4F}.Release|x64.ActiveCfg = Release|Any CPU
		{9083E1BF-ABF2-4E8D-B6C2-B65E6B7BDD4F}.Release|x64.Build.0 = Release|Any CPU
		{9083E1BF-ABF2-4E8D-B6C2-B65E6B7BDD4F}.Release|x86.ActiveCfg = Release|Any CPU
		{9083E1BF-ABF2-4E8D-B6C2-B65E6B7BDD4F}.Release|x86.Build.0 = Release|Any CPU
		{575B8809-71AF-48A8-9D14-06E5D5A6A11C}.Debug|Any CPU.ActiveCfg = Debug|Any CPU
		{575B8809-71AF-48A8-9D14-06E5D5A6A11C}.Debug|Any CPU.Build.0 = Debug|Any CPU
		{575B8809-71AF-48A8-9D14-06E5D5A6A11C}.Debug|x64.ActiveCfg = Debug|Any CPU
		{575B8809-71AF-48A8-9D14-06E5D5A6A11C}.Debug|x64.Build.0 = Debug|Any CPU
		{575B8809-71AF-48A8-9D14-06E5D5A6A11C}.Debug|x86.ActiveCfg = Debug|Any CPU
		{575B8809-71AF-48A8-9D14-06E5D5A6A11C}.Debug|x86.Build.0 = Debug|Any CPU
		{575B8809-71AF-48A8-9D14-06E5D5A6A11C}.Release|Any CPU.ActiveCfg = Release|Any CPU
		{575B8809-71AF-48A8-9D14-06E5D5A6A11C}.Release|Any CPU.Build.0 = Release|Any CPU
		{575B8809-71AF-48A8-9D14-06E5D5A6A11C}.Release|x64.ActiveCfg = Release|Any CPU
		{575B8809-71AF-48A8-9D14-06E5D5A6A11C}.Release|x64.Build.0 = Release|Any CPU
		{575B8809-71AF-48A8-9D14-06E5D5A6A11C}.Release|x86.ActiveCfg = Release|Any CPU
		{575B8809-71AF-48A8-9D14-06E5D5A6A11C}.Release|x86.Build.0 = Release|Any CPU
		{3C44A988-A2D9-4468-B8C6-5F9AC4644E46}.Debug|Any CPU.ActiveCfg = Debug|Any CPU
		{3C44A988-A2D9-4468-B8C6-5F9AC4644E46}.Debug|Any CPU.Build.0 = Debug|Any CPU
		{3C44A988-A2D9-4468-B8C6-5F9AC4644E46}.Debug|x64.ActiveCfg = Debug|Any CPU
		{3C44A988-A2D9-4468-B8C6-5F9AC4644E46}.Debug|x64.Build.0 = Debug|Any CPU
		{3C44A988-A2D9-4468-B8C6-5F9AC4644E46}.Debug|x86.ActiveCfg = Debug|Any CPU
		{3C44A988-A2D9-4468-B8C6-5F9AC4644E46}.Debug|x86.Build.0 = Debug|Any CPU
		{3C44A988-A2D9-4468-B8C6-5F9AC4644E46}.Release|Any CPU.ActiveCfg = Release|Any CPU
		{3C44A988-A2D9-4468-B8C6-5F9AC4644E46}.Release|Any CPU.Build.0 = Release|Any CPU
		{3C44A988-A2D9-4468-B8C6-5F9AC4644E46}.Release|x64.ActiveCfg = Release|Any CPU
		{3C44A988-A2D9-4468-B8C6-5F9AC4644E46}.Release|x64.Build.0 = Release|Any CPU
		{3C44A988-A2D9-4468-B8C6-5F9AC4644E46}.Release|x86.ActiveCfg = Release|Any CPU
		{3C44A988-A2D9-4468-B8C6-5F9AC4644E46}.Release|x86.Build.0 = Release|Any CPU
		{96A4E8A0-3B16-4152-BFA2-E8D31D2A83D2}.Debug|Any CPU.ActiveCfg = Debug|Any CPU
		{96A4E8A0-3B16-4152-BFA2-E8D31D2A83D2}.Debug|Any CPU.Build.0 = Debug|Any CPU
		{96A4E8A0-3B16-4152-BFA2-E8D31D2A83D2}.Debug|x64.ActiveCfg = Debug|Any CPU
		{96A4E8A0-3B16-4152-BFA2-E8D31D2A83D2}.Debug|x64.Build.0 = Debug|Any CPU
		{96A4E8A0-3B16-4152-BFA2-E8D31D2A83D2}.Debug|x86.ActiveCfg = Debug|Any CPU
		{96A4E8A0-3B16-4152-BFA2-E8D31D2A83D2}.Debug|x86.Build.0 = Debug|Any CPU
		{96A4E8A0-3B16-4152-BFA2-E8D31D2A83D2}.Release|Any CPU.ActiveCfg = Release|Any CPU
		{96A4E8A0-3B16-4152-BFA2-E8D31D2A83D2}.Release|Any CPU.Build.0 = Release|Any CPU
		{96A4E8A0-3B16-4152-BFA2-E8D31D2A83D2}.Release|x64.ActiveCfg = Release|Any CPU
		{96A4E8A0-3B16-4152-BFA2-E8D31D2A83D2}.Release|x64.Build.0 = Release|Any CPU
		{96A4E8A0-3B16-4152-BFA2-E8D31D2A83D2}.Release|x86.ActiveCfg = Release|Any CPU
		{96A4E8A0-3B16-4152-BFA2-E8D31D2A83D2}.Release|x86.Build.0 = Release|Any CPU
		{D60B37AC-B717-4874-AA63-1670B3AE3786}.Debug|Any CPU.ActiveCfg = Debug|Any CPU
		{D60B37AC-B717-4874-AA63-1670B3AE3786}.Debug|Any CPU.Build.0 = Debug|Any CPU
		{D60B37AC-B717-4874-AA63-1670B3AE3786}.Debug|x64.ActiveCfg = Debug|Any CPU
		{D60B37AC-B717-4874-AA63-1670B3AE3786}.Debug|x64.Build.0 = Debug|Any CPU
		{D60B37AC-B717-4874-AA63-1670B3AE3786}.Debug|x86.ActiveCfg = Debug|Any CPU
		{D60B37AC-B717-4874-AA63-1670B3AE3786}.Debug|x86.Build.0 = Debug|Any CPU
		{D60B37AC-B717-4874-AA63-1670B3AE3786}.Release|Any CPU.ActiveCfg = Release|Any CPU
		{D60B37AC-B717-4874-AA63-1670B3AE3786}.Release|Any CPU.Build.0 = Release|Any CPU
		{D60B37AC-B717-4874-AA63-1670B3AE3786}.Release|x64.ActiveCfg = Release|Any CPU
		{D60B37AC-B717-4874-AA63-1670B3AE3786}.Release|x64.Build.0 = Release|Any CPU
		{D60B37AC-B717-4874-AA63-1670B3AE3786}.Release|x86.ActiveCfg = Release|Any CPU
		{D60B37AC-B717-4874-AA63-1670B3AE3786}.Release|x86.Build.0 = Release|Any CPU
		{D583E7A0-25E1-4444-819C-1DDA9A595957}.Debug|Any CPU.ActiveCfg = Debug|Any CPU
		{D583E7A0-25E1-4444-819C-1DDA9A595957}.Debug|Any CPU.Build.0 = Debug|Any CPU
		{D583E7A0-25E1-4444-819C-1DDA9A595957}.Debug|x64.ActiveCfg = Debug|Any CPU
		{D583E7A0-25E1-4444-819C-1DDA9A595957}.Debug|x64.Build.0 = Debug|Any CPU
		{D583E7A0-25E1-4444-819C-1DDA9A595957}.Debug|x86.ActiveCfg = Debug|Any CPU
		{D583E7A0-25E1-4444-819C-1DDA9A595957}.Debug|x86.Build.0 = Debug|Any CPU
		{D583E7A0-25E1-4444-819C-1DDA9A595957}.Release|Any CPU.ActiveCfg = Release|Any CPU
		{D583E7A0-25E1-4444-819C-1DDA9A595957}.Release|Any CPU.Build.0 = Release|Any CPU
		{D583E7A0-25E1-4444-819C-1DDA9A595957}.Release|x64.ActiveCfg = Release|Any CPU
		{D583E7A0-25E1-4444-819C-1DDA9A595957}.Release|x64.Build.0 = Release|Any CPU
		{D583E7A0-25E1-4444-819C-1DDA9A595957}.Release|x86.ActiveCfg = Release|Any CPU
		{D583E7A0-25E1-4444-819C-1DDA9A595957}.Release|x86.Build.0 = Release|Any CPU
		{28EA375B-57FF-45B7-A563-860A14E7E377}.Debug|Any CPU.ActiveCfg = Debug|Any CPU
		{28EA375B-57FF-45B7-A563-860A14E7E377}.Debug|Any CPU.Build.0 = Debug|Any CPU
		{28EA375B-57FF-45B7-A563-860A14E7E377}.Debug|x64.ActiveCfg = Debug|Any CPU
		{28EA375B-57FF-45B7-A563-860A14E7E377}.Debug|x64.Build.0 = Debug|Any CPU
		{28EA375B-57FF-45B7-A563-860A14E7E377}.Debug|x86.ActiveCfg = Debug|Any CPU
		{28EA375B-57FF-45B7-A563-860A14E7E377}.Debug|x86.Build.0 = Debug|Any CPU
		{28EA375B-57FF-45B7-A563-860A14E7E377}.Release|Any CPU.ActiveCfg = Release|Any CPU
		{28EA375B-57FF-45B7-A563-860A14E7E377}.Release|Any CPU.Build.0 = Release|Any CPU
		{28EA375B-57FF-45B7-A563-860A14E7E377}.Release|x64.ActiveCfg = Release|Any CPU
		{28EA375B-57FF-45B7-A563-860A14E7E377}.Release|x64.Build.0 = Release|Any CPU
		{28EA375B-57FF-45B7-A563-860A14E7E377}.Release|x86.ActiveCfg = Release|Any CPU
		{28EA375B-57FF-45B7-A563-860A14E7E377}.Release|x86.Build.0 = Release|Any CPU
		{C4E7C2DC-E210-4E04-B045-C439B78CE441}.Debug|Any CPU.ActiveCfg = Debug|Any CPU
		{C4E7C2DC-E210-4E04-B045-C439B78CE441}.Debug|Any CPU.Build.0 = Debug|Any CPU
		{C4E7C2DC-E210-4E04-B045-C439B78CE441}.Debug|x64.ActiveCfg = Debug|Any CPU
		{C4E7C2DC-E210-4E04-B045-C439B78CE441}.Debug|x64.Build.0 = Debug|Any CPU
		{C4E7C2DC-E210-4E04-B045-C439B78CE441}.Debug|x86.ActiveCfg = Debug|Any CPU
		{C4E7C2DC-E210-4E04-B045-C439B78CE441}.Debug|x86.Build.0 = Debug|Any CPU
		{C4E7C2DC-E210-4E04-B045-C439B78CE441}.Release|Any CPU.ActiveCfg = Release|Any CPU
		{C4E7C2DC-E210-4E04-B045-C439B78CE441}.Release|Any CPU.Build.0 = Release|Any CPU
		{C4E7C2DC-E210-4E04-B045-C439B78CE441}.Release|x64.ActiveCfg = Release|Any CPU
		{C4E7C2DC-E210-4E04-B045-C439B78CE441}.Release|x64.Build.0 = Release|Any CPU
		{C4E7C2DC-E210-4E04-B045-C439B78CE441}.Release|x86.ActiveCfg = Release|Any CPU
		{C4E7C2DC-E210-4E04-B045-C439B78CE441}.Release|x86.Build.0 = Release|Any CPU
		{1E5785BA-3D03-4E8B-B01D-C178943283D1}.Debug|Any CPU.ActiveCfg = Debug|Any CPU
		{1E5785BA-3D03-4E8B-B01D-C178943283D1}.Debug|Any CPU.Build.0 = Debug|Any CPU
		{1E5785BA-3D03-4E8B-B01D-C178943283D1}.Debug|x64.ActiveCfg = Debug|Any CPU
		{1E5785BA-3D03-4E8B-B01D-C178943283D1}.Debug|x64.Build.0 = Debug|Any CPU
		{1E5785BA-3D03-4E8B-B01D-C178943283D1}.Debug|x86.ActiveCfg = Debug|Any CPU
		{1E5785BA-3D03-4E8B-B01D-C178943283D1}.Debug|x86.Build.0 = Debug|Any CPU
		{1E5785BA-3D03-4E8B-B01D-C178943283D1}.Release|Any CPU.ActiveCfg = Release|Any CPU
		{1E5785BA-3D03-4E8B-B01D-C178943283D1}.Release|Any CPU.Build.0 = Release|Any CPU
		{1E5785BA-3D03-4E8B-B01D-C178943283D1}.Release|x64.ActiveCfg = Release|Any CPU
		{1E5785BA-3D03-4E8B-B01D-C178943283D1}.Release|x64.Build.0 = Release|Any CPU
		{1E5785BA-3D03-4E8B-B01D-C178943283D1}.Release|x86.ActiveCfg = Release|Any CPU
		{1E5785BA-3D03-4E8B-B01D-C178943283D1}.Release|x86.Build.0 = Release|Any CPU
		{FE9D2110-330C-41A3-91AA-CAA8E9453A50}.Debug|Any CPU.ActiveCfg = Debug|Any CPU
		{FE9D2110-330C-41A3-91AA-CAA8E9453A50}.Debug|Any CPU.Build.0 = Debug|Any CPU
		{FE9D2110-330C-41A3-91AA-CAA8E9453A50}.Debug|x64.ActiveCfg = Debug|Any CPU
		{FE9D2110-330C-41A3-91AA-CAA8E9453A50}.Debug|x64.Build.0 = Debug|Any CPU
		{FE9D2110-330C-41A3-91AA-CAA8E9453A50}.Debug|x86.ActiveCfg = Debug|Any CPU
		{FE9D2110-330C-41A3-91AA-CAA8E9453A50}.Debug|x86.Build.0 = Debug|Any CPU
		{FE9D2110-330C-41A3-91AA-CAA8E9453A50}.Release|Any CPU.ActiveCfg = Release|Any CPU
		{FE9D2110-330C-41A3-91AA-CAA8E9453A50}.Release|Any CPU.Build.0 = Release|Any CPU
		{FE9D2110-330C-41A3-91AA-CAA8E9453A50}.Release|x64.ActiveCfg = Release|Any CPU
		{FE9D2110-330C-41A3-91AA-CAA8E9453A50}.Release|x64.Build.0 = Release|Any CPU
		{FE9D2110-330C-41A3-91AA-CAA8E9453A50}.Release|x86.ActiveCfg = Release|Any CPU
		{FE9D2110-330C-41A3-91AA-CAA8E9453A50}.Release|x86.Build.0 = Release|Any CPU
		{8B10496D-6D5F-4FA8-B88B-675818F58014}.Debug|Any CPU.ActiveCfg = Debug|Any CPU
		{8B10496D-6D5F-4FA8-B88B-675818F58014}.Debug|Any CPU.Build.0 = Debug|Any CPU
		{8B10496D-6D5F-4FA8-B88B-675818F58014}.Debug|x64.ActiveCfg = Debug|Any CPU
		{8B10496D-6D5F-4FA8-B88B-675818F58014}.Debug|x64.Build.0 = Debug|Any CPU
		{8B10496D-6D5F-4FA8-B88B-675818F58014}.Debug|x86.ActiveCfg = Debug|Any CPU
		{8B10496D-6D5F-4FA8-B88B-675818F58014}.Debug|x86.Build.0 = Debug|Any CPU
		{8B10496D-6D5F-4FA8-B88B-675818F58014}.Release|Any CPU.ActiveCfg = Release|Any CPU
		{8B10496D-6D5F-4FA8-B88B-675818F58014}.Release|Any CPU.Build.0 = Release|Any CPU
		{8B10496D-6D5F-4FA8-B88B-675818F58014}.Release|x64.ActiveCfg = Release|Any CPU
		{8B10496D-6D5F-4FA8-B88B-675818F58014}.Release|x64.Build.0 = Release|Any CPU
		{8B10496D-6D5F-4FA8-B88B-675818F58014}.Release|x86.ActiveCfg = Release|Any CPU
		{8B10496D-6D5F-4FA8-B88B-675818F58014}.Release|x86.Build.0 = Release|Any CPU
		{AA478807-ECA4-4D0C-B568-6DAB71AB3AFB}.Debug|Any CPU.ActiveCfg = Debug|Any CPU
		{AA478807-ECA4-4D0C-B568-6DAB71AB3AFB}.Debug|Any CPU.Build.0 = Debug|Any CPU
		{AA478807-ECA4-4D0C-B568-6DAB71AB3AFB}.Debug|x64.ActiveCfg = Debug|Any CPU
		{AA478807-ECA4-4D0C-B568-6DAB71AB3AFB}.Debug|x64.Build.0 = Debug|Any CPU
		{AA478807-ECA4-4D0C-B568-6DAB71AB3AFB}.Debug|x86.ActiveCfg = Debug|Any CPU
		{AA478807-ECA4-4D0C-B568-6DAB71AB3AFB}.Debug|x86.Build.0 = Debug|Any CPU
		{AA478807-ECA4-4D0C-B568-6DAB71AB3AFB}.Release|Any CPU.ActiveCfg = Release|Any CPU
		{AA478807-ECA4-4D0C-B568-6DAB71AB3AFB}.Release|Any CPU.Build.0 = Release|Any CPU
		{AA478807-ECA4-4D0C-B568-6DAB71AB3AFB}.Release|x64.ActiveCfg = Release|Any CPU
		{AA478807-ECA4-4D0C-B568-6DAB71AB3AFB}.Release|x64.Build.0 = Release|Any CPU
		{AA478807-ECA4-4D0C-B568-6DAB71AB3AFB}.Release|x86.ActiveCfg = Release|Any CPU
		{AA478807-ECA4-4D0C-B568-6DAB71AB3AFB}.Release|x86.Build.0 = Release|Any CPU
		{C533DEC3-BA47-4C6A-99B7-0B49FA39B5BE}.Debug|Any CPU.ActiveCfg = Debug|Any CPU
		{C533DEC3-BA47-4C6A-99B7-0B49FA39B5BE}.Debug|Any CPU.Build.0 = Debug|Any CPU
		{C533DEC3-BA47-4C6A-99B7-0B49FA39B5BE}.Debug|x64.ActiveCfg = Debug|Any CPU
		{C533DEC3-BA47-4C6A-99B7-0B49FA39B5BE}.Debug|x64.Build.0 = Debug|Any CPU
		{C533DEC3-BA47-4C6A-99B7-0B49FA39B5BE}.Debug|x86.ActiveCfg = Debug|Any CPU
		{C533DEC3-BA47-4C6A-99B7-0B49FA39B5BE}.Debug|x86.Build.0 = Debug|Any CPU
		{C533DEC3-BA47-4C6A-99B7-0B49FA39B5BE}.Release|Any CPU.ActiveCfg = Release|Any CPU
		{C533DEC3-BA47-4C6A-99B7-0B49FA39B5BE}.Release|Any CPU.Build.0 = Release|Any CPU
		{C533DEC3-BA47-4C6A-99B7-0B49FA39B5BE}.Release|x64.ActiveCfg = Release|Any CPU
		{C533DEC3-BA47-4C6A-99B7-0B49FA39B5BE}.Release|x64.Build.0 = Release|Any CPU
		{C533DEC3-BA47-4C6A-99B7-0B49FA39B5BE}.Release|x86.ActiveCfg = Release|Any CPU
		{C533DEC3-BA47-4C6A-99B7-0B49FA39B5BE}.Release|x86.Build.0 = Release|Any CPU
		{F6242EF4-011B-4065-BCB6-447366733EAE}.Debug|Any CPU.ActiveCfg = Debug|Any CPU
		{F6242EF4-011B-4065-BCB6-447366733EAE}.Debug|Any CPU.Build.0 = Debug|Any CPU
		{F6242EF4-011B-4065-BCB6-447366733EAE}.Debug|x64.ActiveCfg = Debug|Any CPU
		{F6242EF4-011B-4065-BCB6-447366733EAE}.Debug|x64.Build.0 = Debug|Any CPU
		{F6242EF4-011B-4065-BCB6-447366733EAE}.Debug|x86.ActiveCfg = Debug|Any CPU
		{F6242EF4-011B-4065-BCB6-447366733EAE}.Debug|x86.Build.0 = Debug|Any CPU
		{F6242EF4-011B-4065-BCB6-447366733EAE}.Release|Any CPU.ActiveCfg = Release|Any CPU
		{F6242EF4-011B-4065-BCB6-447366733EAE}.Release|Any CPU.Build.0 = Release|Any CPU
		{F6242EF4-011B-4065-BCB6-447366733EAE}.Release|x64.ActiveCfg = Release|Any CPU
		{F6242EF4-011B-4065-BCB6-447366733EAE}.Release|x64.Build.0 = Release|Any CPU
		{F6242EF4-011B-4065-BCB6-447366733EAE}.Release|x86.ActiveCfg = Release|Any CPU
		{F6242EF4-011B-4065-BCB6-447366733EAE}.Release|x86.Build.0 = Release|Any CPU
		{2B88BD03-385E-4049-BEFD-F63F0218F0B4}.Debug|Any CPU.ActiveCfg = Debug|Any CPU
		{2B88BD03-385E-4049-BEFD-F63F0218F0B4}.Debug|Any CPU.Build.0 = Debug|Any CPU
		{2B88BD03-385E-4049-BEFD-F63F0218F0B4}.Debug|x64.ActiveCfg = Debug|Any CPU
		{2B88BD03-385E-4049-BEFD-F63F0218F0B4}.Debug|x64.Build.0 = Debug|Any CPU
		{2B88BD03-385E-4049-BEFD-F63F0218F0B4}.Debug|x86.ActiveCfg = Debug|Any CPU
		{2B88BD03-385E-4049-BEFD-F63F0218F0B4}.Debug|x86.Build.0 = Debug|Any CPU
		{2B88BD03-385E-4049-BEFD-F63F0218F0B4}.Release|Any CPU.ActiveCfg = Release|Any CPU
		{2B88BD03-385E-4049-BEFD-F63F0218F0B4}.Release|Any CPU.Build.0 = Release|Any CPU
		{2B88BD03-385E-4049-BEFD-F63F0218F0B4}.Release|x64.ActiveCfg = Release|Any CPU
		{2B88BD03-385E-4049-BEFD-F63F0218F0B4}.Release|x64.Build.0 = Release|Any CPU
		{2B88BD03-385E-4049-BEFD-F63F0218F0B4}.Release|x86.ActiveCfg = Release|Any CPU
		{2B88BD03-385E-4049-BEFD-F63F0218F0B4}.Release|x86.Build.0 = Release|Any CPU
		{2F78CB07-6FC6-4F4A-97EB-5F8452C2CC8C}.Debug|Any CPU.ActiveCfg = Debug|Any CPU
		{2F78CB07-6FC6-4F4A-97EB-5F8452C2CC8C}.Debug|Any CPU.Build.0 = Debug|Any CPU
		{2F78CB07-6FC6-4F4A-97EB-5F8452C2CC8C}.Debug|x64.ActiveCfg = Debug|Any CPU
		{2F78CB07-6FC6-4F4A-97EB-5F8452C2CC8C}.Debug|x64.Build.0 = Debug|Any CPU
		{2F78CB07-6FC6-4F4A-97EB-5F8452C2CC8C}.Debug|x86.ActiveCfg = Debug|Any CPU
		{2F78CB07-6FC6-4F4A-97EB-5F8452C2CC8C}.Debug|x86.Build.0 = Debug|Any CPU
		{2F78CB07-6FC6-4F4A-97EB-5F8452C2CC8C}.Release|Any CPU.ActiveCfg = Release|Any CPU
		{2F78CB07-6FC6-4F4A-97EB-5F8452C2CC8C}.Release|Any CPU.Build.0 = Release|Any CPU
		{2F78CB07-6FC6-4F4A-97EB-5F8452C2CC8C}.Release|x64.ActiveCfg = Release|Any CPU
		{2F78CB07-6FC6-4F4A-97EB-5F8452C2CC8C}.Release|x64.Build.0 = Release|Any CPU
		{2F78CB07-6FC6-4F4A-97EB-5F8452C2CC8C}.Release|x86.ActiveCfg = Release|Any CPU
		{2F78CB07-6FC6-4F4A-97EB-5F8452C2CC8C}.Release|x86.Build.0 = Release|Any CPU
		{BF8909B4-BB81-42A4-B8EB-52F8BB3F5E2E}.Debug|Any CPU.ActiveCfg = Debug|Any CPU
		{BF8909B4-BB81-42A4-B8EB-52F8BB3F5E2E}.Debug|Any CPU.Build.0 = Debug|Any CPU
		{BF8909B4-BB81-42A4-B8EB-52F8BB3F5E2E}.Debug|x64.ActiveCfg = Debug|Any CPU
		{BF8909B4-BB81-42A4-B8EB-52F8BB3F5E2E}.Debug|x64.Build.0 = Debug|Any CPU
		{BF8909B4-BB81-42A4-B8EB-52F8BB3F5E2E}.Debug|x86.ActiveCfg = Debug|Any CPU
		{BF8909B4-BB81-42A4-B8EB-52F8BB3F5E2E}.Debug|x86.Build.0 = Debug|Any CPU
		{BF8909B4-BB81-42A4-B8EB-52F8BB3F5E2E}.Release|Any CPU.ActiveCfg = Release|Any CPU
		{BF8909B4-BB81-42A4-B8EB-52F8BB3F5E2E}.Release|Any CPU.Build.0 = Release|Any CPU
		{BF8909B4-BB81-42A4-B8EB-52F8BB3F5E2E}.Release|x64.ActiveCfg = Release|Any CPU
		{BF8909B4-BB81-42A4-B8EB-52F8BB3F5E2E}.Release|x64.Build.0 = Release|Any CPU
		{BF8909B4-BB81-42A4-B8EB-52F8BB3F5E2E}.Release|x86.ActiveCfg = Release|Any CPU
		{BF8909B4-BB81-42A4-B8EB-52F8BB3F5E2E}.Release|x86.Build.0 = Release|Any CPU
		{A6F84174-B9C3-480C-8E99-EC18EBBA40C5}.Debug|Any CPU.ActiveCfg = Debug|Any CPU
		{A6F84174-B9C3-480C-8E99-EC18EBBA40C5}.Debug|Any CPU.Build.0 = Debug|Any CPU
		{A6F84174-B9C3-480C-8E99-EC18EBBA40C5}.Debug|x64.ActiveCfg = Debug|Any CPU
		{A6F84174-B9C3-480C-8E99-EC18EBBA40C5}.Debug|x64.Build.0 = Debug|Any CPU
		{A6F84174-B9C3-480C-8E99-EC18EBBA40C5}.Debug|x86.ActiveCfg = Debug|Any CPU
		{A6F84174-B9C3-480C-8E99-EC18EBBA40C5}.Debug|x86.Build.0 = Debug|Any CPU
		{A6F84174-B9C3-480C-8E99-EC18EBBA40C5}.Release|Any CPU.ActiveCfg = Release|Any CPU
		{A6F84174-B9C3-480C-8E99-EC18EBBA40C5}.Release|Any CPU.Build.0 = Release|Any CPU
		{A6F84174-B9C3-480C-8E99-EC18EBBA40C5}.Release|x64.ActiveCfg = Release|Any CPU
		{A6F84174-B9C3-480C-8E99-EC18EBBA40C5}.Release|x64.Build.0 = Release|Any CPU
		{A6F84174-B9C3-480C-8E99-EC18EBBA40C5}.Release|x86.ActiveCfg = Release|Any CPU
		{A6F84174-B9C3-480C-8E99-EC18EBBA40C5}.Release|x86.Build.0 = Release|Any CPU
		{60B3407D-8569-4B85-A1CF-FB04E1C5D9FC}.Debug|Any CPU.ActiveCfg = Debug|Any CPU
		{60B3407D-8569-4B85-A1CF-FB04E1C5D9FC}.Debug|Any CPU.Build.0 = Debug|Any CPU
		{60B3407D-8569-4B85-A1CF-FB04E1C5D9FC}.Debug|x64.ActiveCfg = Debug|Any CPU
		{60B3407D-8569-4B85-A1CF-FB04E1C5D9FC}.Debug|x64.Build.0 = Debug|Any CPU
		{60B3407D-8569-4B85-A1CF-FB04E1C5D9FC}.Debug|x86.ActiveCfg = Debug|Any CPU
		{60B3407D-8569-4B85-A1CF-FB04E1C5D9FC}.Debug|x86.Build.0 = Debug|Any CPU
		{60B3407D-8569-4B85-A1CF-FB04E1C5D9FC}.Release|Any CPU.ActiveCfg = Release|Any CPU
		{60B3407D-8569-4B85-A1CF-FB04E1C5D9FC}.Release|Any CPU.Build.0 = Release|Any CPU
		{60B3407D-8569-4B85-A1CF-FB04E1C5D9FC}.Release|x64.ActiveCfg = Release|Any CPU
		{60B3407D-8569-4B85-A1CF-FB04E1C5D9FC}.Release|x64.Build.0 = Release|Any CPU
		{60B3407D-8569-4B85-A1CF-FB04E1C5D9FC}.Release|x86.ActiveCfg = Release|Any CPU
		{60B3407D-8569-4B85-A1CF-FB04E1C5D9FC}.Release|x86.Build.0 = Release|Any CPU
		{889E4794-B0D5-4D6C-B3BB-61C6BE124CF2}.Debug|Any CPU.ActiveCfg = Debug|Any CPU
		{889E4794-B0D5-4D6C-B3BB-61C6BE124CF2}.Debug|Any CPU.Build.0 = Debug|Any CPU
		{889E4794-B0D5-4D6C-B3BB-61C6BE124CF2}.Debug|x64.ActiveCfg = Debug|Any CPU
		{889E4794-B0D5-4D6C-B3BB-61C6BE124CF2}.Debug|x64.Build.0 = Debug|Any CPU
		{889E4794-B0D5-4D6C-B3BB-61C6BE124CF2}.Debug|x86.ActiveCfg = Debug|Any CPU
		{889E4794-B0D5-4D6C-B3BB-61C6BE124CF2}.Debug|x86.Build.0 = Debug|Any CPU
		{889E4794-B0D5-4D6C-B3BB-61C6BE124CF2}.Release|Any CPU.ActiveCfg = Release|Any CPU
		{889E4794-B0D5-4D6C-B3BB-61C6BE124CF2}.Release|Any CPU.Build.0 = Release|Any CPU
		{889E4794-B0D5-4D6C-B3BB-61C6BE124CF2}.Release|x64.ActiveCfg = Release|Any CPU
		{889E4794-B0D5-4D6C-B3BB-61C6BE124CF2}.Release|x64.Build.0 = Release|Any CPU
		{889E4794-B0D5-4D6C-B3BB-61C6BE124CF2}.Release|x86.ActiveCfg = Release|Any CPU
		{889E4794-B0D5-4D6C-B3BB-61C6BE124CF2}.Release|x86.Build.0 = Release|Any CPU
		{288943C5-946D-4285-A4A5-DDE049DFB01F}.Debug|Any CPU.ActiveCfg = Debug|Any CPU
		{288943C5-946D-4285-A4A5-DDE049DFB01F}.Debug|Any CPU.Build.0 = Debug|Any CPU
		{288943C5-946D-4285-A4A5-DDE049DFB01F}.Debug|x64.ActiveCfg = Debug|Any CPU
		{288943C5-946D-4285-A4A5-DDE049DFB01F}.Debug|x64.Build.0 = Debug|Any CPU
		{288943C5-946D-4285-A4A5-DDE049DFB01F}.Debug|x86.ActiveCfg = Debug|Any CPU
		{288943C5-946D-4285-A4A5-DDE049DFB01F}.Debug|x86.Build.0 = Debug|Any CPU
		{288943C5-946D-4285-A4A5-DDE049DFB01F}.Release|Any CPU.ActiveCfg = Release|Any CPU
		{288943C5-946D-4285-A4A5-DDE049DFB01F}.Release|Any CPU.Build.0 = Release|Any CPU
		{288943C5-946D-4285-A4A5-DDE049DFB01F}.Release|x64.ActiveCfg = Release|Any CPU
		{288943C5-946D-4285-A4A5-DDE049DFB01F}.Release|x64.Build.0 = Release|Any CPU
		{288943C5-946D-4285-A4A5-DDE049DFB01F}.Release|x86.ActiveCfg = Release|Any CPU
		{288943C5-946D-4285-A4A5-DDE049DFB01F}.Release|x86.Build.0 = Release|Any CPU
		{CD27B6B7-F398-49F8-82C3-5257436E2079}.Debug|Any CPU.ActiveCfg = Debug|Any CPU
		{CD27B6B7-F398-49F8-82C3-5257436E2079}.Debug|Any CPU.Build.0 = Debug|Any CPU
		{CD27B6B7-F398-49F8-82C3-5257436E2079}.Debug|x64.ActiveCfg = Debug|Any CPU
		{CD27B6B7-F398-49F8-82C3-5257436E2079}.Debug|x64.Build.0 = Debug|Any CPU
		{CD27B6B7-F398-49F8-82C3-5257436E2079}.Debug|x86.ActiveCfg = Debug|Any CPU
		{CD27B6B7-F398-49F8-82C3-5257436E2079}.Debug|x86.Build.0 = Debug|Any CPU
		{CD27B6B7-F398-49F8-82C3-5257436E2079}.Release|Any CPU.ActiveCfg = Release|Any CPU
		{CD27B6B7-F398-49F8-82C3-5257436E2079}.Release|Any CPU.Build.0 = Release|Any CPU
		{CD27B6B7-F398-49F8-82C3-5257436E2079}.Release|x64.ActiveCfg = Release|Any CPU
		{CD27B6B7-F398-49F8-82C3-5257436E2079}.Release|x64.Build.0 = Release|Any CPU
		{CD27B6B7-F398-49F8-82C3-5257436E2079}.Release|x86.ActiveCfg = Release|Any CPU
		{CD27B6B7-F398-49F8-82C3-5257436E2079}.Release|x86.Build.0 = Release|Any CPU
		{DB53D9ED-D6F2-4A43-82A4-E87171E97371}.Debug|Any CPU.ActiveCfg = Debug|Any CPU
		{DB53D9ED-D6F2-4A43-82A4-E87171E97371}.Debug|Any CPU.Build.0 = Debug|Any CPU
		{DB53D9ED-D6F2-4A43-82A4-E87171E97371}.Debug|x64.ActiveCfg = Debug|Any CPU
		{DB53D9ED-D6F2-4A43-82A4-E87171E97371}.Debug|x64.Build.0 = Debug|Any CPU
		{DB53D9ED-D6F2-4A43-82A4-E87171E97371}.Debug|x86.ActiveCfg = Debug|Any CPU
		{DB53D9ED-D6F2-4A43-82A4-E87171E97371}.Debug|x86.Build.0 = Debug|Any CPU
		{DB53D9ED-D6F2-4A43-82A4-E87171E97371}.Release|Any CPU.ActiveCfg = Release|Any CPU
		{DB53D9ED-D6F2-4A43-82A4-E87171E97371}.Release|Any CPU.Build.0 = Release|Any CPU
		{DB53D9ED-D6F2-4A43-82A4-E87171E97371}.Release|x64.ActiveCfg = Release|Any CPU
		{DB53D9ED-D6F2-4A43-82A4-E87171E97371}.Release|x64.Build.0 = Release|Any CPU
		{DB53D9ED-D6F2-4A43-82A4-E87171E97371}.Release|x86.ActiveCfg = Release|Any CPU
		{DB53D9ED-D6F2-4A43-82A4-E87171E97371}.Release|x86.Build.0 = Release|Any CPU
		{40F14F69-B138-4DD0-809D-A27EEABBFCFE}.Debug|Any CPU.ActiveCfg = Debug|Any CPU
		{40F14F69-B138-4DD0-809D-A27EEABBFCFE}.Debug|Any CPU.Build.0 = Debug|Any CPU
		{40F14F69-B138-4DD0-809D-A27EEABBFCFE}.Debug|x64.ActiveCfg = Debug|Any CPU
		{40F14F69-B138-4DD0-809D-A27EEABBFCFE}.Debug|x64.Build.0 = Debug|Any CPU
		{40F14F69-B138-4DD0-809D-A27EEABBFCFE}.Debug|x86.ActiveCfg = Debug|Any CPU
		{40F14F69-B138-4DD0-809D-A27EEABBFCFE}.Debug|x86.Build.0 = Debug|Any CPU
		{40F14F69-B138-4DD0-809D-A27EEABBFCFE}.Release|Any CPU.ActiveCfg = Release|Any CPU
		{40F14F69-B138-4DD0-809D-A27EEABBFCFE}.Release|Any CPU.Build.0 = Release|Any CPU
		{40F14F69-B138-4DD0-809D-A27EEABBFCFE}.Release|x64.ActiveCfg = Release|Any CPU
		{40F14F69-B138-4DD0-809D-A27EEABBFCFE}.Release|x64.Build.0 = Release|Any CPU
		{40F14F69-B138-4DD0-809D-A27EEABBFCFE}.Release|x86.ActiveCfg = Release|Any CPU
		{40F14F69-B138-4DD0-809D-A27EEABBFCFE}.Release|x86.Build.0 = Release|Any CPU
		{B09253E0-E54A-42B0-B15A-7C11E0DBDC18}.Debug|Any CPU.ActiveCfg = Debug|Any CPU
		{B09253E0-E54A-42B0-B15A-7C11E0DBDC18}.Debug|Any CPU.Build.0 = Debug|Any CPU
		{B09253E0-E54A-42B0-B15A-7C11E0DBDC18}.Debug|x64.ActiveCfg = Debug|Any CPU
		{B09253E0-E54A-42B0-B15A-7C11E0DBDC18}.Debug|x64.Build.0 = Debug|Any CPU
		{B09253E0-E54A-42B0-B15A-7C11E0DBDC18}.Debug|x86.ActiveCfg = Debug|Any CPU
		{B09253E0-E54A-42B0-B15A-7C11E0DBDC18}.Debug|x86.Build.0 = Debug|Any CPU
		{B09253E0-E54A-42B0-B15A-7C11E0DBDC18}.Release|Any CPU.ActiveCfg = Release|Any CPU
		{B09253E0-E54A-42B0-B15A-7C11E0DBDC18}.Release|Any CPU.Build.0 = Release|Any CPU
		{B09253E0-E54A-42B0-B15A-7C11E0DBDC18}.Release|x64.ActiveCfg = Release|Any CPU
		{B09253E0-E54A-42B0-B15A-7C11E0DBDC18}.Release|x64.Build.0 = Release|Any CPU
		{B09253E0-E54A-42B0-B15A-7C11E0DBDC18}.Release|x86.ActiveCfg = Release|Any CPU
		{B09253E0-E54A-42B0-B15A-7C11E0DBDC18}.Release|x86.Build.0 = Release|Any CPU
		{02D636DA-D169-4E5A-B983-2A530932993D}.Debug|Any CPU.ActiveCfg = Debug|Any CPU
		{02D636DA-D169-4E5A-B983-2A530932993D}.Debug|Any CPU.Build.0 = Debug|Any CPU
		{02D636DA-D169-4E5A-B983-2A530932993D}.Debug|x64.ActiveCfg = Debug|Any CPU
		{02D636DA-D169-4E5A-B983-2A530932993D}.Debug|x64.Build.0 = Debug|Any CPU
		{02D636DA-D169-4E5A-B983-2A530932993D}.Debug|x86.ActiveCfg = Debug|Any CPU
		{02D636DA-D169-4E5A-B983-2A530932993D}.Debug|x86.Build.0 = Debug|Any CPU
		{02D636DA-D169-4E5A-B983-2A530932993D}.Release|Any CPU.ActiveCfg = Release|Any CPU
		{02D636DA-D169-4E5A-B983-2A530932993D}.Release|Any CPU.Build.0 = Release|Any CPU
		{02D636DA-D169-4E5A-B983-2A530932993D}.Release|x64.ActiveCfg = Release|Any CPU
		{02D636DA-D169-4E5A-B983-2A530932993D}.Release|x64.Build.0 = Release|Any CPU
		{02D636DA-D169-4E5A-B983-2A530932993D}.Release|x86.ActiveCfg = Release|Any CPU
		{02D636DA-D169-4E5A-B983-2A530932993D}.Release|x86.Build.0 = Release|Any CPU
		{FAFB0AE9-8CFE-405A-88A2-5065E433AF0D}.Debug|Any CPU.ActiveCfg = Debug|Any CPU
		{FAFB0AE9-8CFE-405A-88A2-5065E433AF0D}.Debug|Any CPU.Build.0 = Debug|Any CPU
		{FAFB0AE9-8CFE-405A-88A2-5065E433AF0D}.Debug|x64.ActiveCfg = Debug|Any CPU
		{FAFB0AE9-8CFE-405A-88A2-5065E433AF0D}.Debug|x64.Build.0 = Debug|Any CPU
		{FAFB0AE9-8CFE-405A-88A2-5065E433AF0D}.Debug|x86.ActiveCfg = Debug|Any CPU
		{FAFB0AE9-8CFE-405A-88A2-5065E433AF0D}.Debug|x86.Build.0 = Debug|Any CPU
		{FAFB0AE9-8CFE-405A-88A2-5065E433AF0D}.Release|Any CPU.ActiveCfg = Release|Any CPU
		{FAFB0AE9-8CFE-405A-88A2-5065E433AF0D}.Release|Any CPU.Build.0 = Release|Any CPU
		{FAFB0AE9-8CFE-405A-88A2-5065E433AF0D}.Release|x64.ActiveCfg = Release|Any CPU
		{FAFB0AE9-8CFE-405A-88A2-5065E433AF0D}.Release|x64.Build.0 = Release|Any CPU
		{FAFB0AE9-8CFE-405A-88A2-5065E433AF0D}.Release|x86.ActiveCfg = Release|Any CPU
		{FAFB0AE9-8CFE-405A-88A2-5065E433AF0D}.Release|x86.Build.0 = Release|Any CPU
		{056EB346-6ADA-466F-8AB4-5F03CC40A054}.Debug|Any CPU.ActiveCfg = Debug|Any CPU
		{056EB346-6ADA-466F-8AB4-5F03CC40A054}.Debug|Any CPU.Build.0 = Debug|Any CPU
		{056EB346-6ADA-466F-8AB4-5F03CC40A054}.Debug|x64.ActiveCfg = Debug|Any CPU
		{056EB346-6ADA-466F-8AB4-5F03CC40A054}.Debug|x64.Build.0 = Debug|Any CPU
		{056EB346-6ADA-466F-8AB4-5F03CC40A054}.Debug|x86.ActiveCfg = Debug|Any CPU
		{056EB346-6ADA-466F-8AB4-5F03CC40A054}.Debug|x86.Build.0 = Debug|Any CPU
		{056EB346-6ADA-466F-8AB4-5F03CC40A054}.Release|Any CPU.ActiveCfg = Release|Any CPU
		{056EB346-6ADA-466F-8AB4-5F03CC40A054}.Release|Any CPU.Build.0 = Release|Any CPU
		{056EB346-6ADA-466F-8AB4-5F03CC40A054}.Release|x64.ActiveCfg = Release|Any CPU
		{056EB346-6ADA-466F-8AB4-5F03CC40A054}.Release|x64.Build.0 = Release|Any CPU
		{056EB346-6ADA-466F-8AB4-5F03CC40A054}.Release|x86.ActiveCfg = Release|Any CPU
		{056EB346-6ADA-466F-8AB4-5F03CC40A054}.Release|x86.Build.0 = Release|Any CPU
		{ADE142D5-341E-4D3E-BD10-00DAAAE196A1}.Debug|Any CPU.ActiveCfg = Debug|Any CPU
		{ADE142D5-341E-4D3E-BD10-00DAAAE196A1}.Debug|Any CPU.Build.0 = Debug|Any CPU
		{ADE142D5-341E-4D3E-BD10-00DAAAE196A1}.Debug|x64.ActiveCfg = Debug|Any CPU
		{ADE142D5-341E-4D3E-BD10-00DAAAE196A1}.Debug|x64.Build.0 = Debug|Any CPU
		{ADE142D5-341E-4D3E-BD10-00DAAAE196A1}.Debug|x86.ActiveCfg = Debug|Any CPU
		{ADE142D5-341E-4D3E-BD10-00DAAAE196A1}.Debug|x86.Build.0 = Debug|Any CPU
		{ADE142D5-341E-4D3E-BD10-00DAAAE196A1}.Release|Any CPU.ActiveCfg = Release|Any CPU
		{ADE142D5-341E-4D3E-BD10-00DAAAE196A1}.Release|Any CPU.Build.0 = Release|Any CPU
		{ADE142D5-341E-4D3E-BD10-00DAAAE196A1}.Release|x64.ActiveCfg = Release|Any CPU
		{ADE142D5-341E-4D3E-BD10-00DAAAE196A1}.Release|x64.Build.0 = Release|Any CPU
		{ADE142D5-341E-4D3E-BD10-00DAAAE196A1}.Release|x86.ActiveCfg = Release|Any CPU
		{ADE142D5-341E-4D3E-BD10-00DAAAE196A1}.Release|x86.Build.0 = Release|Any CPU
		{18B8874D-F7D8-4260-8032-8946382338F8}.Debug|Any CPU.ActiveCfg = Debug|Any CPU
		{18B8874D-F7D8-4260-8032-8946382338F8}.Debug|Any CPU.Build.0 = Debug|Any CPU
		{18B8874D-F7D8-4260-8032-8946382338F8}.Debug|x64.ActiveCfg = Debug|Any CPU
		{18B8874D-F7D8-4260-8032-8946382338F8}.Debug|x64.Build.0 = Debug|Any CPU
		{18B8874D-F7D8-4260-8032-8946382338F8}.Debug|x86.ActiveCfg = Debug|Any CPU
		{18B8874D-F7D8-4260-8032-8946382338F8}.Debug|x86.Build.0 = Debug|Any CPU
		{18B8874D-F7D8-4260-8032-8946382338F8}.Release|Any CPU.ActiveCfg = Release|Any CPU
		{18B8874D-F7D8-4260-8032-8946382338F8}.Release|Any CPU.Build.0 = Release|Any CPU
		{18B8874D-F7D8-4260-8032-8946382338F8}.Release|x64.ActiveCfg = Release|Any CPU
		{18B8874D-F7D8-4260-8032-8946382338F8}.Release|x64.Build.0 = Release|Any CPU
		{18B8874D-F7D8-4260-8032-8946382338F8}.Release|x86.ActiveCfg = Release|Any CPU
		{18B8874D-F7D8-4260-8032-8946382338F8}.Release|x86.Build.0 = Release|Any CPU
		{B7246FBE-2202-4438-A2FA-AAC6C5A6BD3C}.Debug|Any CPU.ActiveCfg = Debug|Any CPU
		{B7246FBE-2202-4438-A2FA-AAC6C5A6BD3C}.Debug|Any CPU.Build.0 = Debug|Any CPU
		{B7246FBE-2202-4438-A2FA-AAC6C5A6BD3C}.Debug|x64.ActiveCfg = Debug|Any CPU
		{B7246FBE-2202-4438-A2FA-AAC6C5A6BD3C}.Debug|x64.Build.0 = Debug|Any CPU
		{B7246FBE-2202-4438-A2FA-AAC6C5A6BD3C}.Debug|x86.ActiveCfg = Debug|Any CPU
		{B7246FBE-2202-4438-A2FA-AAC6C5A6BD3C}.Debug|x86.Build.0 = Debug|Any CPU
		{B7246FBE-2202-4438-A2FA-AAC6C5A6BD3C}.Release|Any CPU.ActiveCfg = Release|Any CPU
		{B7246FBE-2202-4438-A2FA-AAC6C5A6BD3C}.Release|Any CPU.Build.0 = Release|Any CPU
		{B7246FBE-2202-4438-A2FA-AAC6C5A6BD3C}.Release|x64.ActiveCfg = Release|Any CPU
		{B7246FBE-2202-4438-A2FA-AAC6C5A6BD3C}.Release|x64.Build.0 = Release|Any CPU
		{B7246FBE-2202-4438-A2FA-AAC6C5A6BD3C}.Release|x86.ActiveCfg = Release|Any CPU
		{B7246FBE-2202-4438-A2FA-AAC6C5A6BD3C}.Release|x86.Build.0 = Release|Any CPU
		{A46C93D8-2E50-4646-AC2B-837B7E426F49}.Debug|Any CPU.ActiveCfg = Debug|Any CPU
		{A46C93D8-2E50-4646-AC2B-837B7E426F49}.Debug|Any CPU.Build.0 = Debug|Any CPU
		{A46C93D8-2E50-4646-AC2B-837B7E426F49}.Debug|x64.ActiveCfg = Debug|Any CPU
		{A46C93D8-2E50-4646-AC2B-837B7E426F49}.Debug|x64.Build.0 = Debug|Any CPU
		{A46C93D8-2E50-4646-AC2B-837B7E426F49}.Debug|x86.ActiveCfg = Debug|Any CPU
		{A46C93D8-2E50-4646-AC2B-837B7E426F49}.Debug|x86.Build.0 = Debug|Any CPU
		{A46C93D8-2E50-4646-AC2B-837B7E426F49}.Release|Any CPU.ActiveCfg = Release|Any CPU
		{A46C93D8-2E50-4646-AC2B-837B7E426F49}.Release|Any CPU.Build.0 = Release|Any CPU
		{A46C93D8-2E50-4646-AC2B-837B7E426F49}.Release|x64.ActiveCfg = Release|Any CPU
		{A46C93D8-2E50-4646-AC2B-837B7E426F49}.Release|x64.Build.0 = Release|Any CPU
		{A46C93D8-2E50-4646-AC2B-837B7E426F49}.Release|x86.ActiveCfg = Release|Any CPU
		{A46C93D8-2E50-4646-AC2B-837B7E426F49}.Release|x86.Build.0 = Release|Any CPU
		{B894670B-2F14-41F1-967E-39BABD165ADF}.Debug|Any CPU.ActiveCfg = Debug|Any CPU
		{B894670B-2F14-41F1-967E-39BABD165ADF}.Debug|Any CPU.Build.0 = Debug|Any CPU
		{B894670B-2F14-41F1-967E-39BABD165ADF}.Debug|x64.ActiveCfg = Debug|Any CPU
		{B894670B-2F14-41F1-967E-39BABD165ADF}.Debug|x64.Build.0 = Debug|Any CPU
		{B894670B-2F14-41F1-967E-39BABD165ADF}.Debug|x86.ActiveCfg = Debug|Any CPU
		{B894670B-2F14-41F1-967E-39BABD165ADF}.Debug|x86.Build.0 = Debug|Any CPU
		{B894670B-2F14-41F1-967E-39BABD165ADF}.Release|Any CPU.ActiveCfg = Release|Any CPU
		{B894670B-2F14-41F1-967E-39BABD165ADF}.Release|Any CPU.Build.0 = Release|Any CPU
		{B894670B-2F14-41F1-967E-39BABD165ADF}.Release|x64.ActiveCfg = Release|Any CPU
		{B894670B-2F14-41F1-967E-39BABD165ADF}.Release|x64.Build.0 = Release|Any CPU
		{B894670B-2F14-41F1-967E-39BABD165ADF}.Release|x86.ActiveCfg = Release|Any CPU
		{B894670B-2F14-41F1-967E-39BABD165ADF}.Release|x86.Build.0 = Release|Any CPU
		{74444DD6-7CDB-4DB3-AFBE-600EB2A55DC0}.Debug|Any CPU.ActiveCfg = Debug|Any CPU
		{74444DD6-7CDB-4DB3-AFBE-600EB2A55DC0}.Debug|Any CPU.Build.0 = Debug|Any CPU
		{74444DD6-7CDB-4DB3-AFBE-600EB2A55DC0}.Debug|x64.ActiveCfg = Debug|Any CPU
		{74444DD6-7CDB-4DB3-AFBE-600EB2A55DC0}.Debug|x64.Build.0 = Debug|Any CPU
		{74444DD6-7CDB-4DB3-AFBE-600EB2A55DC0}.Debug|x86.ActiveCfg = Debug|Any CPU
		{74444DD6-7CDB-4DB3-AFBE-600EB2A55DC0}.Debug|x86.Build.0 = Debug|Any CPU
		{74444DD6-7CDB-4DB3-AFBE-600EB2A55DC0}.Release|Any CPU.ActiveCfg = Release|Any CPU
		{74444DD6-7CDB-4DB3-AFBE-600EB2A55DC0}.Release|Any CPU.Build.0 = Release|Any CPU
		{74444DD6-7CDB-4DB3-AFBE-600EB2A55DC0}.Release|x64.ActiveCfg = Release|Any CPU
		{74444DD6-7CDB-4DB3-AFBE-600EB2A55DC0}.Release|x64.Build.0 = Release|Any CPU
		{74444DD6-7CDB-4DB3-AFBE-600EB2A55DC0}.Release|x86.ActiveCfg = Release|Any CPU
		{74444DD6-7CDB-4DB3-AFBE-600EB2A55DC0}.Release|x86.Build.0 = Release|Any CPU
		{0199B228-6A84-4196-B563-9890D18E1E44}.Debug|Any CPU.ActiveCfg = Debug|Any CPU
		{0199B228-6A84-4196-B563-9890D18E1E44}.Debug|Any CPU.Build.0 = Debug|Any CPU
		{0199B228-6A84-4196-B563-9890D18E1E44}.Debug|x64.ActiveCfg = Debug|Any CPU
		{0199B228-6A84-4196-B563-9890D18E1E44}.Debug|x64.Build.0 = Debug|Any CPU
		{0199B228-6A84-4196-B563-9890D18E1E44}.Debug|x86.ActiveCfg = Debug|Any CPU
		{0199B228-6A84-4196-B563-9890D18E1E44}.Debug|x86.Build.0 = Debug|Any CPU
		{0199B228-6A84-4196-B563-9890D18E1E44}.Release|Any CPU.ActiveCfg = Release|Any CPU
		{0199B228-6A84-4196-B563-9890D18E1E44}.Release|Any CPU.Build.0 = Release|Any CPU
		{0199B228-6A84-4196-B563-9890D18E1E44}.Release|x64.ActiveCfg = Release|Any CPU
		{0199B228-6A84-4196-B563-9890D18E1E44}.Release|x64.Build.0 = Release|Any CPU
		{0199B228-6A84-4196-B563-9890D18E1E44}.Release|x86.ActiveCfg = Release|Any CPU
		{0199B228-6A84-4196-B563-9890D18E1E44}.Release|x86.Build.0 = Release|Any CPU
		{E372147F-0960-4746-870D-240F4615D08A}.Debug|Any CPU.ActiveCfg = Debug|Any CPU
		{E372147F-0960-4746-870D-240F4615D08A}.Debug|Any CPU.Build.0 = Debug|Any CPU
		{E372147F-0960-4746-870D-240F4615D08A}.Debug|x64.ActiveCfg = Debug|Any CPU
		{E372147F-0960-4746-870D-240F4615D08A}.Debug|x64.Build.0 = Debug|Any CPU
		{E372147F-0960-4746-870D-240F4615D08A}.Debug|x86.ActiveCfg = Debug|Any CPU
		{E372147F-0960-4746-870D-240F4615D08A}.Debug|x86.Build.0 = Debug|Any CPU
		{E372147F-0960-4746-870D-240F4615D08A}.Release|Any CPU.ActiveCfg = Release|Any CPU
		{E372147F-0960-4746-870D-240F4615D08A}.Release|Any CPU.Build.0 = Release|Any CPU
		{E372147F-0960-4746-870D-240F4615D08A}.Release|x64.ActiveCfg = Release|Any CPU
		{E372147F-0960-4746-870D-240F4615D08A}.Release|x64.Build.0 = Release|Any CPU
		{E372147F-0960-4746-870D-240F4615D08A}.Release|x86.ActiveCfg = Release|Any CPU
		{E372147F-0960-4746-870D-240F4615D08A}.Release|x86.Build.0 = Release|Any CPU
		{FB114250-0A67-46F0-A189-4C039E512DC5}.Debug|Any CPU.ActiveCfg = Debug|Any CPU
		{FB114250-0A67-46F0-A189-4C039E512DC5}.Debug|Any CPU.Build.0 = Debug|Any CPU
		{FB114250-0A67-46F0-A189-4C039E512DC5}.Debug|x64.ActiveCfg = Debug|Any CPU
		{FB114250-0A67-46F0-A189-4C039E512DC5}.Debug|x64.Build.0 = Debug|Any CPU
		{FB114250-0A67-46F0-A189-4C039E512DC5}.Debug|x86.ActiveCfg = Debug|Any CPU
		{FB114250-0A67-46F0-A189-4C039E512DC5}.Debug|x86.Build.0 = Debug|Any CPU
		{FB114250-0A67-46F0-A189-4C039E512DC5}.Release|Any CPU.ActiveCfg = Release|Any CPU
		{FB114250-0A67-46F0-A189-4C039E512DC5}.Release|Any CPU.Build.0 = Release|Any CPU
		{FB114250-0A67-46F0-A189-4C039E512DC5}.Release|x64.ActiveCfg = Release|Any CPU
		{FB114250-0A67-46F0-A189-4C039E512DC5}.Release|x64.Build.0 = Release|Any CPU
		{FB114250-0A67-46F0-A189-4C039E512DC5}.Release|x86.ActiveCfg = Release|Any CPU
		{FB114250-0A67-46F0-A189-4C039E512DC5}.Release|x86.Build.0 = Release|Any CPU
		{6A1B2C3D-0001-4001-A001-000000000001}.Debug|Any CPU.ActiveCfg = Debug|Any CPU
		{6A1B2C3D-0001-4001-A001-000000000001}.Debug|Any CPU.Build.0 = Debug|Any CPU
		{6A1B2C3D-0001-4001-A001-000000000001}.Debug|x64.ActiveCfg = Debug|Any CPU
		{6A1B2C3D-0001-4001-A001-000000000001}.Debug|x64.Build.0 = Debug|Any CPU
		{6A1B2C3D-0001-4001-A001-000000000001}.Debug|x86.ActiveCfg = Debug|Any CPU
		{6A1B2C3D-0001-4001-A001-000000000001}.Debug|x86.Build.0 = Debug|Any CPU
		{6A1B2C3D-0001-4001-A001-000000000001}.Release|Any CPU.ActiveCfg = Release|Any CPU
		{6A1B2C3D-0001-4001-A001-000000000001}.Release|Any CPU.Build.0 = Release|Any CPU
		{6A1B2C3D-0001-4001-A001-000000000001}.Release|x64.ActiveCfg = Release|Any CPU
		{6A1B2C3D-0001-4001-A001-000000000001}.Release|x64.Build.0 = Release|Any CPU
		{6A1B2C3D-0001-4001-A001-000000000001}.Release|x86.ActiveCfg = Release|Any CPU
		{6A1B2C3D-0001-4001-A001-000000000001}.Release|x86.Build.0 = Release|Any CPU
		{6A1B2C3D-0002-4002-A002-000000000002}.Debug|Any CPU.ActiveCfg = Debug|Any CPU
		{6A1B2C3D-0002-4002-A002-000000000002}.Debug|Any CPU.Build.0 = Debug|Any CPU
		{6A1B2C3D-0002-4002-A002-000000000002}.Debug|x64.ActiveCfg = Debug|Any CPU
		{6A1B2C3D-0002-4002-A002-000000000002}.Debug|x64.Build.0 = Debug|Any CPU
		{6A1B2C3D-0002-4002-A002-000000000002}.Debug|x86.ActiveCfg = Debug|Any CPU
		{6A1B2C3D-0002-4002-A002-000000000002}.Debug|x86.Build.0 = Debug|Any CPU
		{6A1B2C3D-0002-4002-A002-000000000002}.Release|Any CPU.ActiveCfg = Release|Any CPU
		{6A1B2C3D-0002-4002-A002-000000000002}.Release|Any CPU.Build.0 = Release|Any CPU
		{6A1B2C3D-0002-4002-A002-000000000002}.Release|x64.ActiveCfg = Release|Any CPU
		{6A1B2C3D-0002-4002-A002-000000000002}.Release|x64.Build.0 = Release|Any CPU
		{6A1B2C3D-0002-4002-A002-000000000002}.Release|x86.ActiveCfg = Release|Any CPU
		{6A1B2C3D-0002-4002-A002-000000000002}.Release|x86.Build.0 = Release|Any CPU
		{6A1B2C3D-0003-4003-A003-000000000003}.Debug|Any CPU.ActiveCfg = Debug|Any CPU
		{6A1B2C3D-0003-4003-A003-000000000003}.Debug|Any CPU.Build.0 = Debug|Any CPU
		{6A1B2C3D-0003-4003-A003-000000000003}.Debug|x64.ActiveCfg = Debug|Any CPU
		{6A1B2C3D-0003-4003-A003-000000000003}.Debug|x64.Build.0 = Debug|Any CPU
		{6A1B2C3D-0003-4003-A003-000000000003}.Debug|x86.ActiveCfg = Debug|Any CPU
		{6A1B2C3D-0003-4003-A003-000000000003}.Debug|x86.Build.0 = Debug|Any CPU
		{6A1B2C3D-0003-4003-A003-000000000003}.Release|Any CPU.ActiveCfg = Release|Any CPU
		{6A1B2C3D-0003-4003-A003-000000000003}.Release|Any CPU.Build.0 = Release|Any CPU
		{6A1B2C3D-0003-4003-A003-000000000003}.Release|x64.ActiveCfg = Release|Any CPU
		{6A1B2C3D-0003-4003-A003-000000000003}.Release|x64.Build.0 = Release|Any CPU
		{6A1B2C3D-0003-4003-A003-000000000003}.Release|x86.ActiveCfg = Release|Any CPU
		{6A1B2C3D-0003-4003-A003-000000000003}.Release|x86.Build.0 = Release|Any CPU
		{6A1B2C3D-0004-4004-A004-000000000004}.Debug|Any CPU.ActiveCfg = Debug|Any CPU
		{6A1B2C3D-0004-4004-A004-000000000004}.Debug|Any CPU.Build.0 = Debug|Any CPU
		{6A1B2C3D-0004-4004-A004-000000000004}.Debug|x64.ActiveCfg = Debug|Any CPU
		{6A1B2C3D-0004-4004-A004-000000000004}.Debug|x64.Build.0 = Debug|Any CPU
		{6A1B2C3D-0004-4004-A004-000000000004}.Debug|x86.ActiveCfg = Debug|Any CPU
		{6A1B2C3D-0004-4004-A004-000000000004}.Debug|x86.Build.0 = Debug|Any CPU
		{6A1B2C3D-0004-4004-A004-000000000004}.Release|Any CPU.ActiveCfg = Release|Any CPU
		{6A1B2C3D-0004-4004-A004-000000000004}.Release|Any CPU.Build.0 = Release|Any CPU
		{6A1B2C3D-0004-4004-A004-000000000004}.Release|x64.ActiveCfg = Release|Any CPU
		{6A1B2C3D-0004-4004-A004-000000000004}.Release|x64.Build.0 = Release|Any CPU
		{6A1B2C3D-0004-4004-A004-000000000004}.Release|x86.ActiveCfg = Release|Any CPU
		{6A1B2C3D-0004-4004-A004-000000000004}.Release|x86.Build.0 = Release|Any CPU
		{6A1B2C3D-0005-4005-A005-000000000005}.Debug|Any CPU.ActiveCfg = Debug|Any CPU
		{6A1B2C3D-0005-4005-A005-000000000005}.Debug|Any CPU.Build.0 = Debug|Any CPU
		{6A1B2C3D-0005-4005-A005-000000000005}.Debug|x64.ActiveCfg = Debug|Any CPU
		{6A1B2C3D-0005-4005-A005-000000000005}.Debug|x64.Build.0 = Debug|Any CPU
		{6A1B2C3D-0005-4005-A005-000000000005}.Debug|x86.ActiveCfg = Debug|Any CPU
		{6A1B2C3D-0005-4005-A005-000000000005}.Debug|x86.Build.0 = Debug|Any CPU
		{6A1B2C3D-0005-4005-A005-000000000005}.Release|Any CPU.ActiveCfg = Release|Any CPU
		{6A1B2C3D-0005-4005-A005-000000000005}.Release|Any CPU.Build.0 = Release|Any CPU
		{6A1B2C3D-0005-4005-A005-000000000005}.Release|x64.ActiveCfg = Release|Any CPU
		{6A1B2C3D-0005-4005-A005-000000000005}.Release|x64.Build.0 = Release|Any CPU
		{6A1B2C3D-0005-4005-A005-000000000005}.Release|x86.ActiveCfg = Release|Any CPU
		{6A1B2C3D-0005-4005-A005-000000000005}.Release|x86.Build.0 = Release|Any CPU
		{6A1B2C3D-0006-4006-A006-000000000006}.Debug|Any CPU.ActiveCfg = Debug|Any CPU
		{6A1B2C3D-0006-4006-A006-000000000006}.Debug|Any CPU.Build.0 = Debug|Any CPU
		{6A1B2C3D-0006-4006-A006-000000000006}.Debug|x64.ActiveCfg = Debug|Any CPU
		{6A1B2C3D-0006-4006-A006-000000000006}.Debug|x64.Build.0 = Debug|Any CPU
		{6A1B2C3D-0006-4006-A006-000000000006}.Debug|x86.ActiveCfg = Debug|Any CPU
		{6A1B2C3D-0006-4006-A006-000000000006}.Debug|x86.Build.0 = Debug|Any CPU
		{6A1B2C3D-0006-4006-A006-000000000006}.Release|Any CPU.ActiveCfg = Release|Any CPU
		{6A1B2C3D-0006-4006-A006-000000000006}.Release|Any CPU.Build.0 = Release|Any CPU
		{6A1B2C3D-0006-4006-A006-000000000006}.Release|x64.ActiveCfg = Release|Any CPU
		{6A1B2C3D-0006-4006-A006-000000000006}.Release|x64.Build.0 = Release|Any CPU
		{6A1B2C3D-0006-4006-A006-000000000006}.Release|x86.ActiveCfg = Release|Any CPU
		{6A1B2C3D-0006-4006-A006-000000000006}.Release|x86.Build.0 = Release|Any CPU
		{A41B2C3D-0001-4001-A001-000000000001}.Debug|Any CPU.ActiveCfg = Debug|Any CPU
		{A41B2C3D-0001-4001-A001-000000000001}.Debug|Any CPU.Build.0 = Debug|Any CPU
		{A41B2C3D-0001-4001-A001-000000000001}.Debug|x64.ActiveCfg = Debug|Any CPU
		{A41B2C3D-0001-4001-A001-000000000001}.Debug|x64.Build.0 = Debug|Any CPU
		{A41B2C3D-0001-4001-A001-000000000001}.Debug|x86.ActiveCfg = Debug|Any CPU
		{A41B2C3D-0001-4001-A001-000000000001}.Debug|x86.Build.0 = Debug|Any CPU
		{A41B2C3D-0001-4001-A001-000000000001}.Release|Any CPU.ActiveCfg = Release|Any CPU
		{A41B2C3D-0001-4001-A001-000000000001}.Release|Any CPU.Build.0 = Release|Any CPU
		{A41B2C3D-0001-4001-A001-000000000001}.Release|x64.ActiveCfg = Release|Any CPU
		{A41B2C3D-0001-4001-A001-000000000001}.Release|x64.Build.0 = Release|Any CPU
		{A41B2C3D-0001-4001-A001-000000000001}.Release|x86.ActiveCfg = Release|Any CPU
		{A41B2C3D-0001-4001-A001-000000000001}.Release|x86.Build.0 = Release|Any CPU
		{A41B2C3D-0002-4002-A002-000000000002}.Debug|Any CPU.ActiveCfg = Debug|Any CPU
		{A41B2C3D-0002-4002-A002-000000000002}.Debug|Any CPU.Build.0 = Debug|Any CPU
		{A41B2C3D-0002-4002-A002-000000000002}.Debug|x64.ActiveCfg = Debug|Any CPU
		{A41B2C3D-0002-4002-A002-000000000002}.Debug|x64.Build.0 = Debug|Any CPU
		{A41B2C3D-0002-4002-A002-000000000002}.Debug|x86.ActiveCfg = Debug|Any CPU
		{A41B2C3D-0002-4002-A002-000000000002}.Debug|x86.Build.0 = Debug|Any CPU
		{A41B2C3D-0002-4002-A002-000000000002}.Release|Any CPU.ActiveCfg = Release|Any CPU
		{A41B2C3D-0002-4002-A002-000000000002}.Release|Any CPU.Build.0 = Release|Any CPU
		{A41B2C3D-0002-4002-A002-000000000002}.Release|x64.ActiveCfg = Release|Any CPU
		{A41B2C3D-0002-4002-A002-000000000002}.Release|x64.Build.0 = Release|Any CPU
		{A41B2C3D-0002-4002-A002-000000000002}.Release|x86.ActiveCfg = Release|Any CPU
		{A41B2C3D-0002-4002-A002-000000000002}.Release|x86.Build.0 = Release|Any CPU
		{A41B2C3D-0003-4003-A003-000000000003}.Debug|Any CPU.ActiveCfg = Debug|Any CPU
		{A41B2C3D-0003-4003-A003-000000000003}.Debug|Any CPU.Build.0 = Debug|Any CPU
		{A41B2C3D-0003-4003-A003-000000000003}.Debug|x64.ActiveCfg = Debug|Any CPU
		{A41B2C3D-0003-4003-A003-000000000003}.Debug|x64.Build.0 = Debug|Any CPU
		{A41B2C3D-0003-4003-A003-000000000003}.Debug|x86.ActiveCfg = Debug|Any CPU
		{A41B2C3D-0003-4003-A003-000000000003}.Debug|x86.Build.0 = Debug|Any CPU
		{A41B2C3D-0003-4003-A003-000000000003}.Release|Any CPU.ActiveCfg = Release|Any CPU
		{A41B2C3D-0003-4003-A003-000000000003}.Release|Any CPU.Build.0 = Release|Any CPU
		{A41B2C3D-0003-4003-A003-000000000003}.Release|x64.ActiveCfg = Release|Any CPU
		{A41B2C3D-0003-4003-A003-000000000003}.Release|x64.Build.0 = Release|Any CPU
		{A41B2C3D-0003-4003-A003-000000000003}.Release|x86.ActiveCfg = Release|Any CPU
		{A41B2C3D-0003-4003-A003-000000000003}.Release|x86.Build.0 = Release|Any CPU
		{A41B2C3D-0004-4004-A004-000000000004}.Debug|Any CPU.ActiveCfg = Debug|Any CPU
		{A41B2C3D-0004-4004-A004-000000000004}.Debug|Any CPU.Build.0 = Debug|Any CPU
		{A41B2C3D-0004-4004-A004-000000000004}.Debug|x64.ActiveCfg = Debug|Any CPU
		{A41B2C3D-0004-4004-A004-000000000004}.Debug|x64.Build.0 = Debug|Any CPU
		{A41B2C3D-0004-4004-A004-000000000004}.Debug|x86.ActiveCfg = Debug|Any CPU
		{A41B2C3D-0004-4004-A004-000000000004}.Debug|x86.Build.0 = Debug|Any CPU
		{A41B2C3D-0004-4004-A004-000000000004}.Release|Any CPU.ActiveCfg = Release|Any CPU
		{A41B2C3D-0004-4004-A004-000000000004}.Release|Any CPU.Build.0 = Release|Any CPU
		{A41B2C3D-0004-4004-A004-000000000004}.Release|x64.ActiveCfg = Release|Any CPU
		{A41B2C3D-0004-4004-A004-000000000004}.Release|x64.Build.0 = Release|Any CPU
		{A41B2C3D-0004-4004-A004-000000000004}.Release|x86.ActiveCfg = Release|Any CPU
		{A41B2C3D-0004-4004-A004-000000000004}.Release|x86.Build.0 = Release|Any CPU
		{A41B2C3D-0005-4005-A005-000000000005}.Debug|Any CPU.ActiveCfg = Debug|Any CPU
		{A41B2C3D-0005-4005-A005-000000000005}.Debug|Any CPU.Build.0 = Debug|Any CPU
		{A41B2C3D-0005-4005-A005-000000000005}.Debug|x64.ActiveCfg = Debug|Any CPU
		{A41B2C3D-0005-4005-A005-000000000005}.Debug|x64.Build.0 = Debug|Any CPU
		{A41B2C3D-0005-4005-A005-000000000005}.Debug|x86.ActiveCfg = Debug|Any CPU
		{A41B2C3D-0005-4005-A005-000000000005}.Debug|x86.Build.0 = Debug|Any CPU
		{A41B2C3D-0005-4005-A005-000000000005}.Release|Any CPU.ActiveCfg = Release|Any CPU
		{A41B2C3D-0005-4005-A005-000000000005}.Release|Any CPU.Build.0 = Release|Any CPU
		{A41B2C3D-0005-4005-A005-000000000005}.Release|x64.ActiveCfg = Release|Any CPU
		{A41B2C3D-0005-4005-A005-000000000005}.Release|x64.Build.0 = Release|Any CPU
		{A41B2C3D-0005-4005-A005-000000000005}.Release|x86.ActiveCfg = Release|Any CPU
		{A41B2C3D-0005-4005-A005-000000000005}.Release|x86.Build.0 = Release|Any CPU
		{D5A09973-C4BA-46A1-8271-894232B52087}.Debug|Any CPU.ActiveCfg = Debug|Any CPU
		{D5A09973-C4BA-46A1-8271-894232B52087}.Debug|Any CPU.Build.0 = Debug|Any CPU
		{D5A09973-C4BA-46A1-8271-894232B52087}.Debug|x64.ActiveCfg = Debug|Any CPU
		{D5A09973-C4BA-46A1-8271-894232B52087}.Debug|x64.Build.0 = Debug|Any CPU
		{D5A09973-C4BA-46A1-8271-894232B52087}.Debug|x86.ActiveCfg = Debug|Any CPU
		{D5A09973-C4BA-46A1-8271-894232B52087}.Debug|x86.Build.0 = Debug|Any CPU
		{D5A09973-C4BA-46A1-8271-894232B52087}.Release|Any CPU.ActiveCfg = Release|Any CPU
		{D5A09973-C4BA-46A1-8271-894232B52087}.Release|Any CPU.Build.0 = Release|Any CPU
		{D5A09973-C4BA-46A1-8271-894232B52087}.Release|x64.ActiveCfg = Release|Any CPU
		{D5A09973-C4BA-46A1-8271-894232B52087}.Release|x64.Build.0 = Release|Any CPU
		{D5A09973-C4BA-46A1-8271-894232B52087}.Release|x86.ActiveCfg = Release|Any CPU
		{D5A09973-C4BA-46A1-8271-894232B52087}.Release|x86.Build.0 = Release|Any CPU
		{5B5BDC3D-B142-4E72-A470-9A4D5EC201DA}.Debug|Any CPU.ActiveCfg = Debug|Any CPU
		{5B5BDC3D-B142-4E72-A470-9A4D5EC201DA}.Debug|Any CPU.Build.0 = Debug|Any CPU
		{5B5BDC3D-B142-4E72-A470-9A4D5EC201DA}.Debug|x64.ActiveCfg = Debug|Any CPU
		{5B5BDC3D-B142-4E72-A470-9A4D5EC201DA}.Debug|x64.Build.0 = Debug|Any CPU
		{5B5BDC3D-B142-4E72-A470-9A4D5EC201DA}.Debug|x86.ActiveCfg = Debug|Any CPU
		{5B5BDC3D-B142-4E72-A470-9A4D5EC201DA}.Debug|x86.Build.0 = Debug|Any CPU
		{5B5BDC3D-B142-4E72-A470-9A4D5EC201DA}.Release|Any CPU.ActiveCfg = Release|Any CPU
		{5B5BDC3D-B142-4E72-A470-9A4D5EC201DA}.Release|Any CPU.Build.0 = Release|Any CPU
		{5B5BDC3D-B142-4E72-A470-9A4D5EC201DA}.Release|x64.ActiveCfg = Release|Any CPU
		{5B5BDC3D-B142-4E72-A470-9A4D5EC201DA}.Release|x64.Build.0 = Release|Any CPU
		{5B5BDC3D-B142-4E72-A470-9A4D5EC201DA}.Release|x86.ActiveCfg = Release|Any CPU
		{5B5BDC3D-B142-4E72-A470-9A4D5EC201DA}.Release|x86.Build.0 = Release|Any CPU
		{B6B430A6-FBB4-43DC-BE73-271C36ED192E}.Debug|Any CPU.ActiveCfg = Debug|Any CPU
		{B6B430A6-FBB4-43DC-BE73-271C36ED192E}.Debug|Any CPU.Build.0 = Debug|Any CPU
		{B6B430A6-FBB4-43DC-BE73-271C36ED192E}.Debug|x64.ActiveCfg = Debug|Any CPU
		{B6B430A6-FBB4-43DC-BE73-271C36ED192E}.Debug|x64.Build.0 = Debug|Any CPU
		{B6B430A6-FBB4-43DC-BE73-271C36ED192E}.Debug|x86.ActiveCfg = Debug|Any CPU
		{B6B430A6-FBB4-43DC-BE73-271C36ED192E}.Debug|x86.Build.0 = Debug|Any CPU
		{B6B430A6-FBB4-43DC-BE73-271C36ED192E}.Release|Any CPU.ActiveCfg = Release|Any CPU
		{B6B430A6-FBB4-43DC-BE73-271C36ED192E}.Release|Any CPU.Build.0 = Release|Any CPU
		{B6B430A6-FBB4-43DC-BE73-271C36ED192E}.Release|x64.ActiveCfg = Release|Any CPU
		{B6B430A6-FBB4-43DC-BE73-271C36ED192E}.Release|x64.Build.0 = Release|Any CPU
		{B6B430A6-FBB4-43DC-BE73-271C36ED192E}.Release|x86.ActiveCfg = Release|Any CPU
		{B6B430A6-FBB4-43DC-BE73-271C36ED192E}.Release|x86.Build.0 = Release|Any CPU
		{AD08C2BD-A6AB-4A76-B695-0F95FFBF67F3}.Debug|Any CPU.ActiveCfg = Debug|Any CPU
		{AD08C2BD-A6AB-4A76-B695-0F95FFBF67F3}.Debug|Any CPU.Build.0 = Debug|Any CPU
		{AD08C2BD-A6AB-4A76-B695-0F95FFBF67F3}.Debug|x64.ActiveCfg = Debug|Any CPU
		{AD08C2BD-A6AB-4A76-B695-0F95FFBF67F3}.Debug|x64.Build.0 = Debug|Any CPU
		{AD08C2BD-A6AB-4A76-B695-0F95FFBF67F3}.Debug|x86.ActiveCfg = Debug|Any CPU
		{AD08C2BD-A6AB-4A76-B695-0F95FFBF67F3}.Debug|x86.Build.0 = Debug|Any CPU
		{AD08C2BD-A6AB-4A76-B695-0F95FFBF67F3}.Release|Any CPU.ActiveCfg = Release|Any CPU
		{AD08C2BD-A6AB-4A76-B695-0F95FFBF67F3}.Release|Any CPU.Build.0 = Release|Any CPU
		{AD08C2BD-A6AB-4A76-B695-0F95FFBF67F3}.Release|x64.ActiveCfg = Release|Any CPU
		{AD08C2BD-A6AB-4A76-B695-0F95FFBF67F3}.Release|x64.Build.0 = Release|Any CPU
		{AD08C2BD-A6AB-4A76-B695-0F95FFBF67F3}.Release|x86.ActiveCfg = Release|Any CPU
		{AD08C2BD-A6AB-4A76-B695-0F95FFBF67F3}.Release|x86.Build.0 = Release|Any CPU
		{F3EA7F90-2AC1-42AD-AC9C-79E911D7500F}.Debug|Any CPU.ActiveCfg = Debug|Any CPU
		{F3EA7F90-2AC1-42AD-AC9C-79E911D7500F}.Debug|Any CPU.Build.0 = Debug|Any CPU
		{F3EA7F90-2AC1-42AD-AC9C-79E911D7500F}.Debug|x64.ActiveCfg = Debug|Any CPU
		{F3EA7F90-2AC1-42AD-AC9C-79E911D7500F}.Debug|x64.Build.0 = Debug|Any CPU
		{F3EA7F90-2AC1-42AD-AC9C-79E911D7500F}.Debug|x86.ActiveCfg = Debug|Any CPU
		{F3EA7F90-2AC1-42AD-AC9C-79E911D7500F}.Debug|x86.Build.0 = Debug|Any CPU
		{F3EA7F90-2AC1-42AD-AC9C-79E911D7500F}.Release|Any CPU.ActiveCfg = Release|Any CPU
		{F3EA7F90-2AC1-42AD-AC9C-79E911D7500F}.Release|Any CPU.Build.0 = Release|Any CPU
		{F3EA7F90-2AC1-42AD-AC9C-79E911D7500F}.Release|x64.ActiveCfg = Release|Any CPU
		{F3EA7F90-2AC1-42AD-AC9C-79E911D7500F}.Release|x64.Build.0 = Release|Any CPU
		{F3EA7F90-2AC1-42AD-AC9C-79E911D7500F}.Release|x86.ActiveCfg = Release|Any CPU
		{F3EA7F90-2AC1-42AD-AC9C-79E911D7500F}.Release|x86.Build.0 = Release|Any CPU
		{481F1DD2-B001-42A9-949E-7E260D5C2531}.Debug|Any CPU.ActiveCfg = Debug|Any CPU
		{481F1DD2-B001-42A9-949E-7E260D5C2531}.Debug|Any CPU.Build.0 = Debug|Any CPU
		{481F1DD2-B001-42A9-949E-7E260D5C2531}.Debug|x64.ActiveCfg = Debug|Any CPU
		{481F1DD2-B001-42A9-949E-7E260D5C2531}.Debug|x64.Build.0 = Debug|Any CPU
		{481F1DD2-B001-42A9-949E-7E260D5C2531}.Debug|x86.ActiveCfg = Debug|Any CPU
		{481F1DD2-B001-42A9-949E-7E260D5C2531}.Debug|x86.Build.0 = Debug|Any CPU
		{481F1DD2-B001-42A9-949E-7E260D5C2531}.Release|Any CPU.ActiveCfg = Release|Any CPU
		{481F1DD2-B001-42A9-949E-7E260D5C2531}.Release|Any CPU.Build.0 = Release|Any CPU
		{481F1DD2-B001-42A9-949E-7E260D5C2531}.Release|x64.ActiveCfg = Release|Any CPU
		{481F1DD2-B001-42A9-949E-7E260D5C2531}.Release|x64.Build.0 = Release|Any CPU
		{481F1DD2-B001-42A9-949E-7E260D5C2531}.Release|x86.ActiveCfg = Release|Any CPU
		{481F1DD2-B001-42A9-949E-7E260D5C2531}.Release|x86.Build.0 = Release|Any CPU
		{8C98C4B1-9005-4829-B66D-26626D2EF641}.Debug|Any CPU.ActiveCfg = Debug|Any CPU
		{8C98C4B1-9005-4829-B66D-26626D2EF641}.Debug|Any CPU.Build.0 = Debug|Any CPU
		{8C98C4B1-9005-4829-B66D-26626D2EF641}.Debug|x64.ActiveCfg = Debug|Any CPU
		{8C98C4B1-9005-4829-B66D-26626D2EF641}.Debug|x64.Build.0 = Debug|Any CPU
		{8C98C4B1-9005-4829-B66D-26626D2EF641}.Debug|x86.ActiveCfg = Debug|Any CPU
		{8C98C4B1-9005-4829-B66D-26626D2EF641}.Debug|x86.Build.0 = Debug|Any CPU
		{8C98C4B1-9005-4829-B66D-26626D2EF641}.Release|Any CPU.ActiveCfg = Release|Any CPU
		{8C98C4B1-9005-4829-B66D-26626D2EF641}.Release|Any CPU.Build.0 = Release|Any CPU
		{8C98C4B1-9005-4829-B66D-26626D2EF641}.Release|x64.ActiveCfg = Release|Any CPU
		{8C98C4B1-9005-4829-B66D-26626D2EF641}.Release|x64.Build.0 = Release|Any CPU
		{8C98C4B1-9005-4829-B66D-26626D2EF641}.Release|x86.ActiveCfg = Release|Any CPU
		{8C98C4B1-9005-4829-B66D-26626D2EF641}.Release|x86.Build.0 = Release|Any CPU
	EndGlobalSection
	GlobalSection(SolutionProperties) = preSolution
		HideSolutionNode = FALSE
	EndGlobalSection
	GlobalSection(NestedProjects) = preSolution
		{C8E42992-5E42-0C2B-DBFE-AA848D06431C} = {827E0CD3-B72D-47B6-A68D-7590B98EB39B}
		{6F9B7D5E-DB12-4A3B-B88A-DB76701FF933} = {C8E42992-5E42-0C2B-DBFE-AA848D06431C}
		{8DA10C6B-50BA-40A6-9313-B46F52021D48} = {C8E42992-5E42-0C2B-DBFE-AA848D06431C}
		{984DEADB-C6B1-4125-9F35-691DAE4EC4B9} = {C8E42992-5E42-0C2B-DBFE-AA848D06431C}
		{B0CB3F33-D6A1-4E02-B556-6044EF95831F} = {0AB3BF05-4346-4AA6-1389-037BE0695223}
		{446D8F33-C73B-BF73-CF50-6948B082F41B} = {827E0CD3-B72D-47B6-A68D-7590B98EB39B}
		{2A154ED4-EF36-4B5B-930F-7C2002BD7EB2} = {446D8F33-C73B-BF73-CF50-6948B082F41B}
		{BB0A7936-C68C-46BC-A6D4-2EECC0080B79} = {446D8F33-C73B-BF73-CF50-6948B082F41B}
		{9BB605E0-B060-4333-8F7C-4ACCF3C35E65} = {446D8F33-C73B-BF73-CF50-6948B082F41B}
		{CCD0C75A-6A2E-4374-9454-8685E1E0CB3F} = {446D8F33-C73B-BF73-CF50-6948B082F41B}
		{0979E409-DF98-48D9-9169-3DB4DD89BC10} = {0AB3BF05-4346-4AA6-1389-037BE0695223}
		{9083E1BF-ABF2-4E8D-B6C2-B65E6B7BDD4F} = {07C2787E-EAC7-C090-1BA3-A61EC2A24D84}
		{575B8809-71AF-48A8-9D14-06E5D5A6A11C} = {0AB3BF05-4346-4AA6-1389-037BE0695223}
		{63882A7C-90E5-DEE3-63BB-E6ABDBC8A365} = {827E0CD3-B72D-47B6-A68D-7590B98EB39B}
		{3C44A988-A2D9-4468-B8C6-5F9AC4644E46} = {63882A7C-90E5-DEE3-63BB-E6ABDBC8A365}
		{984BB9B3-3FA3-BE33-9484-CAC21695A33C} = {827E0CD3-B72D-47B6-A68D-7590B98EB39B}
		{CA15E31E-CB60-F235-5CDF-2E527A86A72C} = {984BB9B3-3FA3-BE33-9484-CAC21695A33C}
		{96A4E8A0-3B16-4152-BFA2-E8D31D2A83D2} = {CA15E31E-CB60-F235-5CDF-2E527A86A72C}
		{D60B37AC-B717-4874-AA63-1670B3AE3786} = {CA15E31E-CB60-F235-5CDF-2E527A86A72C}
		{D583E7A0-25E1-4444-819C-1DDA9A595957} = {CA15E31E-CB60-F235-5CDF-2E527A86A72C}
		{28EA375B-57FF-45B7-A563-860A14E7E377} = {CA15E31E-CB60-F235-5CDF-2E527A86A72C}
		{C4E7C2DC-E210-4E04-B045-C439B78CE441} = {0AB3BF05-4346-4AA6-1389-037BE0695223}
		{98189402-7CF5-C254-2C2A-FB126C203A6B} = {984BB9B3-3FA3-BE33-9484-CAC21695A33C}
		{1E5785BA-3D03-4E8B-B01D-C178943283D1} = {98189402-7CF5-C254-2C2A-FB126C203A6B}
		{FE9D2110-330C-41A3-91AA-CAA8E9453A50} = {98189402-7CF5-C254-2C2A-FB126C203A6B}
		{8B10496D-6D5F-4FA8-B88B-675818F58014} = {98189402-7CF5-C254-2C2A-FB126C203A6B}
		{AA478807-ECA4-4D0C-B568-6DAB71AB3AFB} = {98189402-7CF5-C254-2C2A-FB126C203A6B}
		{C533DEC3-BA47-4C6A-99B7-0B49FA39B5BE} = {98189402-7CF5-C254-2C2A-FB126C203A6B}
		{F6242EF4-011B-4065-BCB6-447366733EAE} = {98189402-7CF5-C254-2C2A-FB126C203A6B}
		{2B88BD03-385E-4049-BEFD-F63F0218F0B4} = {98189402-7CF5-C254-2C2A-FB126C203A6B}
		{2F78CB07-6FC6-4F4A-97EB-5F8452C2CC8C} = {98189402-7CF5-C254-2C2A-FB126C203A6B}
		{BF8909B4-BB81-42A4-B8EB-52F8BB3F5E2E} = {98189402-7CF5-C254-2C2A-FB126C203A6B}
		{A6F84174-B9C3-480C-8E99-EC18EBBA40C5} = {98189402-7CF5-C254-2C2A-FB126C203A6B}
		{60B3407D-8569-4B85-A1CF-FB04E1C5D9FC} = {98189402-7CF5-C254-2C2A-FB126C203A6B}
		{889E4794-B0D5-4D6C-B3BB-61C6BE124CF2} = {98189402-7CF5-C254-2C2A-FB126C203A6B}
		{288943C5-946D-4285-A4A5-DDE049DFB01F} = {98189402-7CF5-C254-2C2A-FB126C203A6B}
		{CD27B6B7-F398-49F8-82C3-5257436E2079} = {98189402-7CF5-C254-2C2A-FB126C203A6B}
		{DB53D9ED-D6F2-4A43-82A4-E87171E97371} = {98189402-7CF5-C254-2C2A-FB126C203A6B}
		{40F14F69-B138-4DD0-809D-A27EEABBFCFE} = {98189402-7CF5-C254-2C2A-FB126C203A6B}
		{B09253E0-E54A-42B0-B15A-7C11E0DBDC18} = {98189402-7CF5-C254-2C2A-FB126C203A6B}
		{02D636DA-D169-4E5A-B983-2A530932993D} = {98189402-7CF5-C254-2C2A-FB126C203A6B}
		{FAFB0AE9-8CFE-405A-88A2-5065E433AF0D} = {98189402-7CF5-C254-2C2A-FB126C203A6B}
		{056EB346-6ADA-466F-8AB4-5F03CC40A054} = {98189402-7CF5-C254-2C2A-FB126C203A6B}
		{ADE142D5-341E-4D3E-BD10-00DAAAE196A1} = {98189402-7CF5-C254-2C2A-FB126C203A6B}
		{18B8874D-F7D8-4260-8032-8946382338F8} = {0AB3BF05-4346-4AA6-1389-037BE0695223}
		{9306101B-3AB6-9F90-99A7-D72EE0A3F584} = {07C2787E-EAC7-C090-1BA3-A61EC2A24D84}
		{B7246FBE-2202-4438-A2FA-AAC6C5A6BD3C} = {9306101B-3AB6-9F90-99A7-D72EE0A3F584}
		{A46C93D8-2E50-4646-AC2B-837B7E426F49} = {0AB3BF05-4346-4AA6-1389-037BE0695223}
		{B894670B-2F14-41F1-967E-39BABD165ADF} = {0AB3BF05-4346-4AA6-1389-037BE0695223}
		{74444DD6-7CDB-4DB3-AFBE-600EB2A55DC0} = {0AB3BF05-4346-4AA6-1389-037BE0695223}
		{0199B228-6A84-4196-B563-9890D18E1E44} = {0AB3BF05-4346-4AA6-1389-037BE0695223}
		{09743D8C-1ECD-59AE-B1D7-E08988F9BCE2} = {07C2787E-EAC7-C090-1BA3-A61EC2A24D84}
		{12413645-97CE-D2F4-2460-02DBA9158333} = {09743D8C-1ECD-59AE-B1D7-E08988F9BCE2}
		{E372147F-0960-4746-870D-240F4615D08A} = {12413645-97CE-D2F4-2460-02DBA9158333}
		{FB114250-0A67-46F0-A189-4C039E512DC5} = {0AB3BF05-4346-4AA6-1389-037BE0695223}
		{6A1B2C3D-0001-4001-A001-000000000001} = {98189402-7CF5-C254-2C2A-FB126C203A6B}
		{6A1B2C3D-0002-4002-A002-000000000002} = {98189402-7CF5-C254-2C2A-FB126C203A6B}
		{6A1B2C3D-0003-4003-A003-000000000003} = {98189402-7CF5-C254-2C2A-FB126C203A6B}
		{6A1B2C3D-0004-4004-A004-000000000004} = {98189402-7CF5-C254-2C2A-FB126C203A6B}
		{6A1B2C3D-0005-4005-A005-000000000005} = {0AB3BF05-4346-4AA6-1389-037BE0695223}
		{6A1B2C3D-0006-4006-A006-000000000006} = {0AB3BF05-4346-4AA6-1389-037BE0695223}
		{D5A09973-C4BA-46A1-8271-894232B52087} = {0AB3BF05-4346-4AA6-1389-037BE0695223}
		{5B5BDC3D-B142-4E72-A470-9A4D5EC201DA} = {0AB3BF05-4346-4AA6-1389-037BE0695223}
		{C5FBE174-8E0F-F5A3-B929-8BD0C55C0A32} = {984BB9B3-3FA3-BE33-9484-CAC21695A33C}
		{B6B430A6-FBB4-43DC-BE73-271C36ED192E} = {C5FBE174-8E0F-F5A3-B929-8BD0C55C0A32}
		{AD08C2BD-A6AB-4A76-B695-0F95FFBF67F3} = {C5FBE174-8E0F-F5A3-B929-8BD0C55C0A32}
		{F3EA7F90-2AC1-42AD-AC9C-79E911D7500F} = {C5FBE174-8E0F-F5A3-B929-8BD0C55C0A32}
		{481F1DD2-B001-42A9-949E-7E260D5C2531} = {C5FBE174-8E0F-F5A3-B929-8BD0C55C0A32}
		{8C98C4B1-9005-4829-B66D-26626D2EF641} = {C5FBE174-8E0F-F5A3-B929-8BD0C55C0A32}
	EndGlobalSection
EndGlobal
