
Microsoft Visual Studio Solution File, Format Version 12.00
# Visual Studio Version 17
VisualStudioVersion = 17.0.31903.59
MinimumVisualStudioVersion = 10.0.40219.1
Project("{2150E333-8FDC-42A3-9474-1A3956D46DE8}") = "src", "src", "{827E0CD3-B72D-47B6-A68D-7590B98EB39B}"
EndProject
Project("{2150E333-8FDC-42A3-9474-1A3956D46DE8}") = "Shared", "Shared", "{C8E42992-5E42-0C2B-DBFE-AA848D06431C}"
EndProject
Project("{FAE04EC0-301F-11D3-BF4B-00C04F79EFBC}") = "ShopFlow.Contracts", "src\Shared\ShopFlow.Contracts\ShopFlow.Contracts.csproj", "{6F9B7D5E-DB12-4A3B-B88A-DB76701FF933}"
EndProject
Project("{FAE04EC0-301F-11D3-BF4B-00C04F79EFBC}") = "ShopFlow.SharedKernel", "src\Shared\ShopFlow.SharedKernel\ShopFlow.SharedKernel.csproj", "{8DA10C6B-50BA-40A6-9313-B46F52021D48}"
EndProject
Project("{FAE04EC0-301F-11D3-BF4B-00C04F79EFBC}") = "ShopFlow.SharedKernel.Analyzers", "src\Shared\ShopFlow.SharedKernel.Analyzers\ShopFlow.SharedKernel.Analyzers.csproj", "{984DEADB-C6B1-4125-9F35-691DAE4EC4B9}"
EndProject
Project("{2150E333-8FDC-42A3-9474-1A3956D46DE8}") = "tests", "tests", "{0AB3BF05-4346-4AA6-1389-037BE0695223}"
EndProject
Project("{FAE04EC0-301F-11D3-BF4B-00C04F79EFBC}") = "ShopFlow.SharedKernel.UnitTests", "tests\ShopFlow.SharedKernel.UnitTests\ShopFlow.SharedKernel.UnitTests.csproj", "{B0CB3F33-D6A1-4E02-B556-6044EF95831F}"
EndProject
Project("{2150E333-8FDC-42A3-9474-1A3956D46DE8}") = "ControlPlane", "ControlPlane", "{446D8F33-C73B-BF73-CF50-6948B082F41B}"
EndProject
Project("{FAE04EC0-301F-11D3-BF4B-00C04F79EFBC}") = "ShopFlow.ControlPlane.Domain", "src\ControlPlane\ShopFlow.ControlPlane.Domain\ShopFlow.ControlPlane.Domain.csproj", "{2A154ED4-EF36-4B5B-930F-7C2002BD7EB2}"
EndProject
Project("{FAE04EC0-301F-11D3-BF4B-00C04F79EFBC}") = "ShopFlow.ControlPlane.Application", "src\ControlPlane\ShopFlow.ControlPlane.Application\ShopFlow.ControlPlane.Application.csproj", "{BB0A7936-C68C-46BC-A6D4-2EECC0080B79}"
EndProject
Project("{FAE04EC0-301F-11D3-BF4B-00C04F79EFBC}") = "ShopFlow.ControlPlane.Infrastructure", "src\ControlPlane\ShopFlow.ControlPlane.Infrastructure\ShopFlow.ControlPlane.Infrastructure.csproj", "{9BB605E0-B060-4333-8F7C-4ACCF3C35E65}"
EndProject
Project("{FAE04EC0-301F-11D3-BF4B-00C04F79EFBC}") = "ShopFlow.ControlPlane.Migrations", "src\ControlPlane\ShopFlow.ControlPlane.Migrations\ShopFlow.ControlPlane.Migrations.csproj", "{CCD0C75A-6A2E-4374-9454-8685E1E0CB3F}"
EndProject
Project("{FAE04EC0-301F-11D3-BF4B-00C04F79EFBC}") = "ShopFlow.ControlPlane.UnitTests", "tests\ShopFlow.ControlPlane.UnitTests\ShopFlow.ControlPlane.UnitTests.csproj", "{0979E409-DF98-48D9-9169-3DB4DD89BC10}"
EndProject
Project("{2150E333-8FDC-42A3-9474-1A3956D46DE8}") = "tools", "tools", "{07C2787E-EAC7-C090-1BA3-A61EC2A24D84}"
EndProject
Project("{FAE04EC0-301F-11D3-BF4B-00C04F79EFBC}") = "shopflow-migrate", "tools\shopflow-migrate\shopflow-migrate.csproj", "{9083E1BF-ABF2-4E8D-B6C2-B65E6B7BDD4F}"
EndProject
Project("{FAE04EC0-301F-11D3-BF4B-00C04F79EFBC}") = "ShopFlow.Migrate.UnitTests", "tests\ShopFlow.Migrate.UnitTests\ShopFlow.Migrate.UnitTests.csproj", "{575B8809-71AF-48A8-9D14-06E5D5A6A11C}"
EndProject
Global
	GlobalSection(SolutionConfigurationPlatforms) = preSolution
		Debug|Any CPU = Debug|Any CPU
		Debug|x64 = Debug|x64
		Debug|x86 = Debug|x86
		Release|Any CPU = Release|Any CPU
		Release|x64 = Release|x64
		Release|x86 = Release|x86
	EndGlobalSection
	GlobalSection(ProjectConfigurationPlatforms) = postSolution
		{6F9B7D5E-DB12-4A3B-B88A-DB76701FF933}.Debug|Any CPU.ActiveCfg = Debug|Any CPU
		{6F9B7D5E-DB12-4A3B-B88A-DB76701FF933}.Debug|Any CPU.Build.0 = Debug|Any CPU
		{6F9B7D5E-DB12-4A3B-B88A-DB76701FF933}.Debug|x64.ActiveCfg = Debug|Any CPU
		{6F9B7D5E-DB12-4A3B-B88A-DB76701FF933}.Debug|x64.Build.0 = Debug|Any CPU
		{6F9B7D5E-DB12-4A3B-B88A-DB76701FF933}.Debug|x86.ActiveCfg = Debug|Any CPU
		{6F9B7D5E-DB12-4A3B-B88A-DB76701FF933}.Debug|x86.Build.0 = Debug|Any CPU
		{6F9B7D5E-DB12-4A3B-B88A-DB76701FF933}.Release|Any CPU.ActiveCfg = Release|Any CPU
		{6F9B7D5E-DB12-4A3B-B88A-DB76701FF933}.Release|Any CPU.Build.0 = Release|Any CPU
		{6F9B7D5E-DB12-4A3B-B88A-DB76701FF933}.Release|x64.ActiveCfg = Release|Any CPU
		{6F9B7D5E-DB12-4A3B-B88A-DB76701FF933}.Release|x64.Build.0 = Release|Any CPU
		{6F9B7D5E-DB12-4A3B-B88A-DB76701FF933}.Release|x86.ActiveCfg = Release|Any CPU
		{6F9B7D5E-DB12-4A3B-B88A-DB76701FF933}.Release|x86.Build.0 = Release|Any CPU
		{8DA10C6B-50BA-40A6-9313-B46F52021D48}.Debug|Any CPU.ActiveCfg = Debug|Any CPU
		{8DA10C6B-50BA-40A6-9313-B46F52021D48}.Debug|Any CPU.Build.0 = Debug|Any CPU
		{8DA10C6B-50BA-40A6-9313-B46F52021D48}.Debug|x64.ActiveCfg = Debug|Any CPU
		{8DA10C6B-50BA-40A6-9313-B46F52021D48}.Debug|x64.Build.0 = Debug|Any CPU
		{8DA10C6B-50BA-40A6-9313-B46F52021D48}.Debug|x86.ActiveCfg = Debug|Any CPU
		{8DA10C6B-50BA-40A6-9313-B46F52021D48}.Debug|x86.Build.0 = Debug|Any CPU
		{8DA10C6B-50BA-40A6-9313-B46F52021D48}.Release|Any CPU.ActiveCfg = Release|Any CPU
		{8DA10C6B-50BA-40A6-9313-B46F52021D48}.Release|Any CPU.Build.0 = Release|Any CPU
		{8DA10C6B-50BA-40A6-9313-B46F52021D48}.Release|x64.ActiveCfg = Release|Any CPU
		{8DA10C6B-50BA-40A6-9313-B46F52021D48}.Release|x64.Build.0 = Release|Any CPU
		{8DA10C6B-50BA-40A6-9313-B46F52021D48}.Release|x86.ActiveCfg = Release|Any CPU
		{8DA10C6B-50BA-40A6-9313-B46F52021D48}.Release|x86.Build.0 = Release|Any CPU
		{984DEADB-C6B1-4125-9F35-691DAE4EC4B9}.Debug|Any CPU.ActiveCfg = Debug|Any CPU
		{984DEADB-C6B1-4125-9F35-691DAE4EC4B9}.Debug|Any CPU.Build.0 = Debug|Any CPU
		{984DEADB-C6B1-4125-9F35-691DAE4EC4B9}.Debug|x64.ActiveCfg = Debug|Any CPU
		{984DEADB-C6B1-4125-9F35-691DAE4EC4B9}.Debug|x64.Build.0 = Debug|Any CPU
		{984DEADB-C6B1-4125-9F35-691DAE4EC4B9}.Debug|x86.ActiveCfg = Debug|Any CPU
		{984DEADB-C6B1-4125-9F35-691DAE4EC4B9}.Debug|x86.Build.0 = Debug|Any CPU
		{984DEADB-C6B1-4125-9F35-691DAE4EC4B9}.Release|Any CPU.ActiveCfg = Release|Any CPU
		{984DEADB-C6B1-4125-9F35-691DAE4EC4B9}.Release|Any CPU.Build.0 = Release|Any CPU
		{984DEADB-C6B1-4125-9F35-691DAE4EC4B9}.Release|x64.ActiveCfg = Release|Any CPU
		{984DEADB-C6B1-4125-9F35-691DAE4EC4B9}.Release|x64.Build.0 = Release|Any CPU
		{984DEADB-C6B1-4125-9F35-691DAE4EC4B9}.Release|x86.ActiveCfg = Release|Any CPU
		{984DEADB-C6B1-4125-9F35-691DAE4EC4B9}.Release|x86.Build.0 = Release|Any CPU
		{B0CB3F33-D6A1-4E02-B556-6044EF95831F}.Debug|Any CPU.ActiveCfg = Debug|Any CPU
		{B0CB3F33-D6A1-4E02-B556-6044EF95831F}.Debug|Any CPU.Build.0 = Debug|Any CPU
		{B0CB3F33-D6A1-4E02-B556-6044EF95831F}.Debug|x64.ActiveCfg = Debug|Any CPU
		{B0CB3F33-D6A1-4E02-B556-6044EF95831F}.Debug|x64.Build.0 = Debug|Any CPU
		{B0CB3F33-D6A1-4E02-B556-6044EF95831F}.Debug|x86.ActiveCfg = Debug|Any CPU
		{B0CB3F33-D6A1-4E02-B556-6044EF95831F}.Debug|x86.Build.0 = Debug|Any CPU
		{B0CB3F33-D6A1-4E02-B556-6044EF95831F}.Release|Any CPU.ActiveCfg = Release|Any CPU
		{B0CB3F33-D6A1-4E02-B556-6044EF95831F}.Release|Any CPU.Build.0 = Release|Any CPU
		{B0CB3F33-D6A1-4E02-B556-6044EF95831F}.Release|x64.ActiveCfg = Release|Any CPU
		{B0CB3F33-D6A1-4E02-B556-6044EF95831F}.Release|x64.Build.0 = Release|Any CPU
		{B0CB3F33-D6A1-4E02-B556-6044EF95831F}.Release|x86.ActiveCfg = Release|Any CPU
		{B0CB3F33-D6A1-4E02-B556-6044EF95831F}.Release|x86.Build.0 = Release|Any CPU
		{2A154ED4-EF36-4B5B-930F-7C2002BD7EB2}.Debug|Any CPU.ActiveCfg = Debug|Any CPU
		{2A154ED4-EF36-4B5B-930F-7C2002BD7EB2}.Debug|Any CPU.Build.0 = Debug|Any CPU
		{2A154ED4-EF36-4B5B-930F-7C2002BD7EB2}.Debug|x64.ActiveCfg = Debug|Any CPU
		{2A154ED4-EF36-4B5B-930F-7C2002BD7EB2}.Debug|x64.Build.0 = Debug|Any CPU
		{2A154ED4-EF36-4B5B-930F-7C2002BD7EB2}.Debug|x86.ActiveCfg = Debug|Any CPU
		{2A154ED4-EF36-4B5B-930F-7C2002BD7EB2}.Debug|x86.Build.0 = Debug|Any CPU
		{2A154ED4-EF36-4B5B-930F-7C2002BD7EB2}.Release|Any CPU.ActiveCfg = Release|Any CPU
		{2A154ED4-EF36-4B5B-930F-7C2002BD7EB2}.Release|Any CPU.Build.0 = Release|Any CPU
		{2A154ED4-EF36-4B5B-930F-7C2002BD7EB2}.Release|x64.ActiveCfg = Release|Any CPU
		{2A154ED4-EF36-4B5B-930F-7C2002BD7EB2}.Release|x64.Build.0 = Release|Any CPU
		{2A154ED4-EF36-4B5B-930F-7C2002BD7EB2}.Release|x86.ActiveCfg = Release|Any CPU
		{2A154ED4-EF36-4B5B-930F-7C2002BD7EB2}.Release|x86.Build.0 = Release|Any CPU
		{BB0A7936-C68C-46BC-A6D4-2EECC0080B79}.Debug|Any CPU.ActiveCfg = Debug|Any CPU
		{BB0A7936-C68C-46BC-A6D4-2EECC0080B79}.Debug|Any CPU.Build.0 = Debug|Any CPU
		{BB0A7936-C68C-46BC-A6D4-2EECC0080B79}.Debug|x64.ActiveCfg = Debug|Any CPU
		{BB0A7936-C68C-46BC-A6D4-2EECC0080B79}.Debug|x64.Build.0 = Debug|Any CPU
		{BB0A7936-C68C-46BC-A6D4-2EECC0080B79}.Debug|x86.ActiveCfg = Debug|Any CPU
		{BB0A7936-C68C-46BC-A6D4-2EECC0080B79}.Debug|x86.Build.0 = Debug|Any CPU
		{BB0A7936-C68C-46BC-A6D4-2EECC0080B79}.Release|Any CPU.ActiveCfg = Release|Any CPU
		{BB0A7936-C68C-46BC-A6D4-2EECC0080B79}.Release|Any CPU.Build.0 = Release|Any CPU
		{BB0A7936-C68C-46BC-A6D4-2EECC0080B79}.Release|x64.ActiveCfg = Release|Any CPU
		{BB0A7936-C68C-46BC-A6D4-2EECC0080B79}.Release|x64.Build.0 = Release|Any CPU
		{BB0A7936-C68C-46BC-A6D4-2EECC0080B79}.Release|x86.ActiveCfg = Release|Any CPU
		{BB0A7936-C68C-46BC-A6D4-2EECC0080B79}.Release|x86.Build.0 = Release|Any CPU
		{9BB605E0-B060-4333-8F7C-4ACCF3C35E65}.Debug|Any CPU.ActiveCfg = Debug|Any CPU
		{9BB605E0-B060-4333-8F7C-4ACCF3C35E65}.Debug|Any CPU.Build.0 = Debug|Any CPU
		{9BB605E0-B060-4333-8F7C-4ACCF3C35E65}.Debug|x64.ActiveCfg = Debug|Any CPU
		{9BB605E0-B060-4333-8F7C-4ACCF3C35E65}.Debug|x64.Build.0 = Debug|Any CPU
		{9BB605E0-B060-4333-8F7C-4ACCF3C35E65}.Debug|x86.ActiveCfg = Debug|Any CPU
		{9BB605E0-B060-4333-8F7C-4ACCF3C35E65}.Debug|x86.Build.0 = Debug|Any CPU
		{9BB605E0-B060-4333-8F7C-4ACCF3C35E65}.Release|Any CPU.ActiveCfg = Release|Any CPU
		{9BB605E0-B060-4333-8F7C-4ACCF3C35E65}.Release|Any CPU.Build.0 = Release|Any CPU
		{9BB605E0-B060-4333-8F7C-4ACCF3C35E65}.Release|x64.ActiveCfg = Release|Any CPU
		{9BB605E0-B060-4333-8F7C-4ACCF3C35E65}.Release|x64.Build.0 = Release|Any CPU
		{9BB605E0-B060-4333-8F7C-4ACCF3C35E65}.Release|x86.ActiveCfg = Release|Any CPU
		{9BB605E0-B060-4333-8F7C-4ACCF3C35E65}.Release|x86.Build.0 = Release|Any CPU
		{CCD0C75A-6A2E-4374-9454-8685E1E0CB3F}.Debug|Any CPU.ActiveCfg = Debug|Any CPU
		{CCD0C75A-6A2E-4374-9454-8685E1E0CB3F}.Debug|Any CPU.Build.0 = Debug|Any CPU
		{CCD0C75A-6A2E-4374-9454-8685E1E0CB3F}.Debug|x64.ActiveCfg = Debug|Any CPU
		{CCD0C75A-6A2E-4374-9454-8685E1E0CB3F}.Debug|x64.Build.0 = Debug|Any CPU
		{CCD0C75A-6A2E-4374-9454-8685E1E0CB3F}.Debug|x86.ActiveCfg = Debug|Any CPU
		{CCD0C75A-6A2E-4374-9454-8685E1E0CB3F}.Debug|x86.Build.0 = Debug|Any CPU
		{CCD0C75A-6A2E-4374-9454-8685E1E0CB3F}.Release|Any CPU.ActiveCfg = Release|Any CPU
		{CCD0C75A-6A2E-4374-9454-8685E1E0CB3F}.Release|Any CPU.Build.0 = Release|Any CPU
		{CCD0C75A-6A2E-4374-9454-8685E1E0CB3F}.Release|x64.ActiveCfg = Release|Any CPU
		{CCD0C75A-6A2E-4374-9454-8685E1E0CB3F}.Release|x64.Build.0 = Release|Any CPU
		{CCD0C75A-6A2E-4374-9454-8685E1E0CB3F}.Release|x86.ActiveCfg = Release|Any CPU
		{CCD0C75A-6A2E-4374-9454-8685E1E0CB3F}.Release|x86.Build.0 = Release|Any CPU
		{0979E409-DF98-48D9-9169-3DB4DD89BC10}.Debug|Any CPU.ActiveCfg = Debug|Any CPU
		{0979E409-DF98-48D9-9169-3DB4DD89BC10}.Debug|Any CPU.Build.0 = Debug|Any CPU
		{0979E409-DF98-48D9-9169-3DB4DD89BC10}.Debug|x64.ActiveCfg = Debug|Any CPU
		{0979E409-DF98-48D9-9169-3DB4DD89BC10}.Debug|x64.Build.0 = Debug|Any CPU
		{0979E409-DF98-48D9-9169-3DB4DD89BC10}.Debug|x86.ActiveCfg = Debug|Any CPU
		{0979E409-DF98-48D9-9169-3DB4DD89BC10}.Debug|x86.Build.0 = Debug|Any CPU
		{0979E409-DF98-48D9-9169-3DB4DD89BC10}.Release|Any CPU.ActiveCfg = Release|Any CPU
		{0979E409-DF98-48D9-9169-3DB4DD89BC10}.Release|Any CPU.Build.0 = Release|Any CPU
		{0979E409-DF98-48D9-9169-3DB4DD89BC10}.Release|x64.ActiveCfg = Release|Any CPU
		{0979E409-DF98-48D9-9169-3DB4DD89BC10}.Release|x64.Build.0 = Release|Any CPU
		{0979E409-DF98-48D9-9169-3DB4DD89BC10}.Release|x86.ActiveCfg = Release|Any CPU
		{0979E409-DF98-48D9-9169-3DB4DD89BC10}.Release|x86.Build.0 = Release|Any CPU
		{9083E1BF-ABF2-4E8D-B6C2-B65E6B7BDD4F}.Debug|Any CPU.ActiveCfg = Debug|Any CPU
		{9083E1BF-ABF2-4E8D-B6C2-B65E6B7BDD4F}.Debug|Any CPU.Build.0 = Debug|Any CPU
		{9083E1BF-ABF2-4E8D-B6C2-B65E6B7BDD4F}.Debug|x64.ActiveCfg = Debug|Any CPU
		{9083E1BF-ABF2-4E8D-B6C2-B65E6B7BDD4F}.Debug|x64.Build.0 = Debug|Any CPU
		{9083E1BF-ABF2-4E8D-B6C2-B65E6B7BDD4F}.Debug|x86.ActiveCfg = Debug|Any CPU
		{9083E1BF-ABF2-4E8D-B6C2-B65E6B7BDD4F}.Debug|x86.Build.0 = Debug|Any CPU
		{9083E1BF-ABF2-4E8D-B6C2-B65E6B7BDD4F}.Release|Any CPU.ActiveCfg = Release|Any CPU
		{9083E1BF-ABF2-4E8D-B6C2-B65E6B7BDD4F}.Release|Any CPU.Build.0 = Release|Any CPU
		{9083E1BF-ABF2-4E8D-B6C2-B65E6B7BDD4F}.Release|x64.ActiveCfg = Release|Any CPU
		{9083E1BF-ABF2-4E8D-B6C2-B65E6B7BDD4F}.Release|x64.Build.0 = Release|Any CPU
		{9083E1BF-ABF2-4E8D-B6C2-B65E6B7BDD4F}.Release|x86.ActiveCfg = Release|Any CPU
		{9083E1BF-ABF2-4E8D-B6C2-B65E6B7BDD4F}.Release|x86.Build.0 = Release|Any CPU
		{575B8809-71AF-48A8-9D14-06E5D5A6A11C}.Debug|Any CPU.ActiveCfg = Debug|Any CPU
		{575B8809-71AF-48A8-9D14-06E5D5A6A11C}.Debug|Any CPU.Build.0 = Debug|Any CPU
		{575B8809-71AF-48A8-9D14-06E5D5A6A11C}.Debug|x64.ActiveCfg = Debug|Any CPU
		{575B8809-71AF-48A8-9D14-06E5D5A6A11C}.Debug|x64.Build.0 = Debug|Any CPU
		{575B8809-71AF-48A8-9D14-06E5D5A6A11C}.Debug|x86.ActiveCfg = Debug|Any CPU
		{575B8809-71AF-48A8-9D14-06E5D5A6A11C}.Debug|x86.Build.0 = Debug|Any CPU
		{575B8809-71AF-48A8-9D14-06E5D5A6A11C}.Release|Any CPU.ActiveCfg = Release|Any CPU
		{575B8809-71AF-48A8-9D14-06E5D5A6A11C}.Release|Any CPU.Build.0 = Release|Any CPU
		{575B8809-71AF-48A8-9D14-06E5D5A6A11C}.Release|x64.ActiveCfg = Release|Any CPU
		{575B8809-71AF-48A8-9D14-06E5D5A6A11C}.Release|x64.Build.0 = Release|Any CPU
		{575B8809-71AF-48A8-9D14-06E5D5A6A11C}.Release|x86.ActiveCfg = Release|Any CPU
		{575B8809-71AF-48A8-9D14-06E5D5A6A11C}.Release|x86.Build.0 = Release|Any CPU
	EndGlobalSection
	GlobalSection(SolutionProperties) = preSolution
		HideSolutionNode = FALSE
	EndGlobalSection
	GlobalSection(NestedProjects) = preSolution
		{C8E42992-5E42-0C2B-DBFE-AA848D06431C} = {827E0CD3-B72D-47B6-A68D-7590B98EB39B}
		{6F9B7D5E-DB12-4A3B-B88A-DB76701FF933} = {C8E42992-5E42-0C2B-DBFE-AA848D06431C}
		{8DA10C6B-50BA-40A6-9313-B46F52021D48} = {C8E42992-5E42-0C2B-DBFE-AA848D06431C}
		{984DEADB-C6B1-4125-9F35-691DAE4EC4B9} = {C8E42992-5E42-0C2B-DBFE-AA848D06431C}
		{B0CB3F33-D6A1-4E02-B556-6044EF95831F} = {0AB3BF05-4346-4AA6-1389-037BE0695223}
		{446D8F33-C73B-BF73-CF50-6948B082F41B} = {827E0CD3-B72D-47B6-A68D-7590B98EB39B}
		{2A154ED4-EF36-4B5B-930F-7C2002BD7EB2} = {446D8F33-C73B-BF73-CF50-6948B082F41B}
		{BB0A7936-C68C-46BC-A6D4-2EECC0080B79} = {446D8F33-C73B-BF73-CF50-6948B082F41B}
		{9BB605E0-B060-4333-8F7C-4ACCF3C35E65} = {446D8F33-C73B-BF73-CF50-6948B082F41B}
		{CCD0C75A-6A2E-4374-9454-8685E1E0CB3F} = {446D8F33-C73B-BF73-CF50-6948B082F41B}
		{0979E409-DF98-48D9-9169-3DB4DD89BC10} = {0AB3BF05-4346-4AA6-1389-037BE0695223}
		{9083E1BF-ABF2-4E8D-B6C2-B65E6B7BDD4F} = {07C2787E-EAC7-C090-1BA3-A61EC2A24D84}
		{575B8809-71AF-48A8-9D14-06E5D5A6A11C} = {0AB3BF05-4346-4AA6-1389-037BE0695223}
	EndGlobalSection
EndGlobal
